// !$*UTF8*$!
{
	archiveVersion = 1;
	classes = {
	};
	objectVersion = 50;
	objects = {

/* Begin PBXBuildFile section */
		2992077A8A3E69D91A459751 /* Pods_ControlCenter.framework in Frameworks */ = {isa = PBXBuildFile; fileRef = D98462655BE1A44ABF588738 /* Pods_ControlCenter.framework */; };
		F01690162191073B001526DA /* AppDelegate.swift in Sources */ = {isa = PBXBuildFile; fileRef = F01690152191073B001526DA /* AppDelegate.swift */; };
		F01690182191073B001526DA /* ViewController.swift in Sources */ = {isa = PBXBuildFile; fileRef = F01690172191073B001526DA /* ViewController.swift */; };
		F016901B2191073B001526DA /* Main.storyboard in Resources */ = {isa = PBXBuildFile; fileRef = F01690192191073B001526DA /* Main.storyboard */; };
		F016901D2191073E001526DA /* Assets.xcassets in Resources */ = {isa = PBXBuildFile; fileRef = F016901C2191073E001526DA /* Assets.xcassets */; };
		F01690202191073E001526DA /* LaunchScreen.storyboard in Resources */ = {isa = PBXBuildFile; fileRef = F016901E2191073E001526DA /* LaunchScreen.storyboard */; };
		F016902B2191073E001526DA /* ControlCenterTests.swift in Sources */ = {isa = PBXBuildFile; fileRef = F016902A2191073E001526DA /* ControlCenterTests.swift */; };
		F01690362191073E001526DA /* ControlCenterUITests.swift in Sources */ = {isa = PBXBuildFile; fileRef = F01690352191073E001526DA /* ControlCenterUITests.swift */; };
		F016904421910910001526DA /* Podfile in Resources */ = {isa = PBXBuildFile; fileRef = F016904321910910001526DA /* Podfile */; };
		F05065F32194DD5200675D86 /* IntroViewController.swift in Sources */ = {isa = PBXBuildFile; fileRef = F05065F12194DD5200675D86 /* IntroViewController.swift */; };
		F05065F62194E10400675D86 /* UIColor+extension.swift in Sources */ = {isa = PBXBuildFile; fileRef = F05065F52194E10400675D86 /* UIColor+extension.swift */; };
		F05065F82194EF9500675D86 /* String+extension.swift in Sources */ = {isa = PBXBuildFile; fileRef = F05065F72194EF9500675D86 /* String+extension.swift */; };
		F05066012194F18A00675D86 /* Localizable.strings in Resources */ = {isa = PBXBuildFile; fileRef = F05066032194F18A00675D86 /* Localizable.strings */; };
		F05066062195027400675D86 /* LoginViewController.swift in Sources */ = {isa = PBXBuildFile; fileRef = F05066052195027400675D86 /* LoginViewController.swift */; };
		F0506608219504EC00675D86 /* CheckEmailViewController.swift in Sources */ = {isa = PBXBuildFile; fileRef = F0506607219504EC00675D86 /* CheckEmailViewController.swift */; };
		F050660D21950A9200675D86 /* LoginSegue.swift in Sources */ = {isa = PBXBuildFile; fileRef = F050660C21950A9200675D86 /* LoginSegue.swift */; };
		F0706705219511AE00873B85 /* AppDelegate+Setup.swift in Sources */ = {isa = PBXBuildFile; fileRef = F0706704219511AE00873B85 /* AppDelegate+Setup.swift */; };
		F079F28621960C0900BB22EF /* CreateAccountViewController.swift in Sources */ = {isa = PBXBuildFile; fileRef = F079F28521960C0900BB22EF /* CreateAccountViewController.swift */; };
		F07F54BC219277A400080D94 /* Montserrat-Black.ttf in Resources */ = {isa = PBXBuildFile; fileRef = F07F54B6219277A400080D94 /* Montserrat-Black.ttf */; };
		F07F54BD219277A400080D94 /* Montserrat-Light.ttf in Resources */ = {isa = PBXBuildFile; fileRef = F07F54B7219277A400080D94 /* Montserrat-Light.ttf */; };
		F07F54BE219277A400080D94 /* Montserrat-Regular.ttf in Resources */ = {isa = PBXBuildFile; fileRef = F07F54B8219277A400080D94 /* Montserrat-Regular.ttf */; };
		F07F54C0219277A400080D94 /* Montserrat-Bold.ttf in Resources */ = {isa = PBXBuildFile; fileRef = F07F54BA219277A400080D94 /* Montserrat-Bold.ttf */; };
		F07F54C1219277A400080D94 /* Montserrat-Medium.ttf in Resources */ = {isa = PBXBuildFile; fileRef = F07F54BB219277A400080D94 /* Montserrat-Medium.ttf */; };
		F07F54C3219279C900080D94 /* UIFont+extension.swift in Sources */ = {isa = PBXBuildFile; fileRef = F07F54C2219279C900080D94 /* UIFont+extension.swift */; };
		F07F54C521927C5400080D94 /* UIViewController+extension.swift in Sources */ = {isa = PBXBuildFile; fileRef = F07F54C421927C5400080D94 /* UIViewController+extension.swift */; };
/* End PBXBuildFile section */

/* Begin PBXContainerItemProxy section */
		F01690272191073E001526DA /* PBXContainerItemProxy */ = {
			isa = PBXContainerItemProxy;
			containerPortal = F016900A2191073B001526DA /* Project object */;
			proxyType = 1;
			remoteGlobalIDString = F01690112191073B001526DA;
			remoteInfo = ControlCenter;
		};
		F01690322191073E001526DA /* PBXContainerItemProxy */ = {
			isa = PBXContainerItemProxy;
			containerPortal = F016900A2191073B001526DA /* Project object */;
			proxyType = 1;
			remoteGlobalIDString = F01690112191073B001526DA;
			remoteInfo = ControlCenter;
		};
/* End PBXContainerItemProxy section */

/* Begin PBXFileReference section */
		54323ACB114830CE53040B18 /* Pods_ControlCenterUITests.framework */ = {isa = PBXFileReference; explicitFileType = wrapper.framework; includeInIndex = 0; path = Pods_ControlCenterUITests.framework; sourceTree = BUILT_PRODUCTS_DIR; };
		673752BDE67D539DA62A069E /* Pods_ControlCenterTests.framework */ = {isa = PBXFileReference; explicitFileType = wrapper.framework; includeInIndex = 0; path = Pods_ControlCenterTests.framework; sourceTree = BUILT_PRODUCTS_DIR; };
		9565782C9D11F33C9AFD3799 /* Pods-ControlCenter.release.xcconfig */ = {isa = PBXFileReference; includeInIndex = 1; lastKnownFileType = text.xcconfig; name = "Pods-ControlCenter.release.xcconfig"; path = "Pods/Target Support Files/Pods-ControlCenter/Pods-ControlCenter.release.xcconfig"; sourceTree = "<group>"; };
		D98462655BE1A44ABF588738 /* Pods_ControlCenter.framework */ = {isa = PBXFileReference; explicitFileType = wrapper.framework; includeInIndex = 0; path = Pods_ControlCenter.framework; sourceTree = BUILT_PRODUCTS_DIR; };
		E17CDEEB75FFBC0102B42F7B /* Pods-ControlCenter.debug.xcconfig */ = {isa = PBXFileReference; includeInIndex = 1; lastKnownFileType = text.xcconfig; name = "Pods-ControlCenter.debug.xcconfig"; path = "Pods/Target Support Files/Pods-ControlCenter/Pods-ControlCenter.debug.xcconfig"; sourceTree = "<group>"; };
		F01690122191073B001526DA /* ControlCenter.app */ = {isa = PBXFileReference; explicitFileType = wrapper.application; includeInIndex = 0; path = ControlCenter.app; sourceTree = BUILT_PRODUCTS_DIR; };
		F01690152191073B001526DA /* AppDelegate.swift */ = {isa = PBXFileReference; lastKnownFileType = sourcecode.swift; path = AppDelegate.swift; sourceTree = "<group>"; };
		F01690172191073B001526DA /* ViewController.swift */ = {isa = PBXFileReference; lastKnownFileType = sourcecode.swift; path = ViewController.swift; sourceTree = "<group>"; };
		F016901A2191073B001526DA /* Base */ = {isa = PBXFileReference; lastKnownFileType = file.storyboard; name = Base; path = Base.lproj/Main.storyboard; sourceTree = "<group>"; };
		F016901C2191073E001526DA /* Assets.xcassets */ = {isa = PBXFileReference; lastKnownFileType = folder.assetcatalog; path = Assets.xcassets; sourceTree = "<group>"; };
		F016901F2191073E001526DA /* Base */ = {isa = PBXFileReference; lastKnownFileType = file.storyboard; name = Base; path = Base.lproj/LaunchScreen.storyboard; sourceTree = "<group>"; };
		F01690212191073E001526DA /* Info.plist */ = {isa = PBXFileReference; lastKnownFileType = text.plist.xml; path = Info.plist; sourceTree = "<group>"; };
		F01690262191073E001526DA /* ControlCenterTests.xctest */ = {isa = PBXFileReference; explicitFileType = wrapper.cfbundle; includeInIndex = 0; path = ControlCenterTests.xctest; sourceTree = BUILT_PRODUCTS_DIR; };
		F016902A2191073E001526DA /* ControlCenterTests.swift */ = {isa = PBXFileReference; lastKnownFileType = sourcecode.swift; path = ControlCenterTests.swift; sourceTree = "<group>"; };
		F016902C2191073E001526DA /* Info.plist */ = {isa = PBXFileReference; lastKnownFileType = text.plist.xml; path = Info.plist; sourceTree = "<group>"; };
		F01690312191073E001526DA /* ControlCenterUITests.xctest */ = {isa = PBXFileReference; explicitFileType = wrapper.cfbundle; includeInIndex = 0; path = ControlCenterUITests.xctest; sourceTree = BUILT_PRODUCTS_DIR; };
		F01690352191073E001526DA /* ControlCenterUITests.swift */ = {isa = PBXFileReference; lastKnownFileType = sourcecode.swift; path = ControlCenterUITests.swift; sourceTree = "<group>"; };
		F01690372191073E001526DA /* Info.plist */ = {isa = PBXFileReference; lastKnownFileType = text.plist.xml; path = Info.plist; sourceTree = "<group>"; };
		F016904321910910001526DA /* Podfile */ = {isa = PBXFileReference; fileEncoding = 4; lastKnownFileType = text; path = Podfile; sourceTree = "<group>"; xcLanguageSpecificationIdentifier = xcode.lang.ruby; };
		F05065F12194DD5200675D86 /* IntroViewController.swift */ = {isa = PBXFileReference; lastKnownFileType = sourcecode.swift; path = IntroViewController.swift; sourceTree = "<group>"; };
		F05065F52194E10400675D86 /* UIColor+extension.swift */ = {isa = PBXFileReference; lastKnownFileType = sourcecode.swift; path = "UIColor+extension.swift"; sourceTree = "<group>"; };
		F05065F72194EF9500675D86 /* String+extension.swift */ = {isa = PBXFileReference; lastKnownFileType = sourcecode.swift; path = "String+extension.swift"; sourceTree = "<group>"; };
		F05066022194F18A00675D86 /* en */ = {isa = PBXFileReference; lastKnownFileType = text.plist.strings; name = en; path = en.lproj/Localizable.strings; sourceTree = "<group>"; };
		F05066042194F21500675D86 /* es */ = {isa = PBXFileReference; lastKnownFileType = text.plist.strings; name = es; path = es.lproj/Localizable.strings; sourceTree = "<group>"; };
		F05066052195027400675D86 /* LoginViewController.swift */ = {isa = PBXFileReference; lastKnownFileType = sourcecode.swift; path = LoginViewController.swift; sourceTree = "<group>"; };
		F0506607219504EC00675D86 /* CheckEmailViewController.swift */ = {isa = PBXFileReference; lastKnownFileType = sourcecode.swift; path = CheckEmailViewController.swift; sourceTree = "<group>"; };
		F050660C21950A9200675D86 /* LoginSegue.swift */ = {isa = PBXFileReference; fileEncoding = 4; lastKnownFileType = sourcecode.swift; path = LoginSegue.swift; sourceTree = "<group>"; };
		F0706704219511AE00873B85 /* AppDelegate+Setup.swift */ = {isa = PBXFileReference; lastKnownFileType = sourcecode.swift; path = "AppDelegate+Setup.swift"; sourceTree = "<group>"; };
		F079F28521960C0900BB22EF /* CreateAccountViewController.swift */ = {isa = PBXFileReference; lastKnownFileType = sourcecode.swift; path = CreateAccountViewController.swift; sourceTree = "<group>"; };
		F07F54B6219277A400080D94 /* Montserrat-Black.ttf */ = {isa = PBXFileReference; lastKnownFileType = file; path = "Montserrat-Black.ttf"; sourceTree = "<group>"; };
		F07F54B7219277A400080D94 /* Montserrat-Light.ttf */ = {isa = PBXFileReference; lastKnownFileType = file; path = "Montserrat-Light.ttf"; sourceTree = "<group>"; };
		F07F54B8219277A400080D94 /* Montserrat-Regular.ttf */ = {isa = PBXFileReference; lastKnownFileType = file; path = "Montserrat-Regular.ttf"; sourceTree = "<group>"; };
		F07F54BA219277A400080D94 /* Montserrat-Bold.ttf */ = {isa = PBXFileReference; lastKnownFileType = file; path = "Montserrat-Bold.ttf"; sourceTree = "<group>"; };
		F07F54BB219277A400080D94 /* Montserrat-Medium.ttf */ = {isa = PBXFileReference; lastKnownFileType = file; path = "Montserrat-Medium.ttf"; sourceTree = "<group>"; };
		F07F54C2219279C900080D94 /* UIFont+extension.swift */ = {isa = PBXFileReference; lastKnownFileType = sourcecode.swift; path = "UIFont+extension.swift"; sourceTree = "<group>"; };
		F07F54C421927C5400080D94 /* UIViewController+extension.swift */ = {isa = PBXFileReference; lastKnownFileType = sourcecode.swift; path = "UIViewController+extension.swift"; sourceTree = "<group>"; };
		F07F54C621936FC400080D94 /* ControlCenter.entitlements */ = {isa = PBXFileReference; lastKnownFileType = text.plist.entitlements; path = ControlCenter.entitlements; sourceTree = "<group>"; };
/* End PBXFileReference section */

/* Begin PBXFrameworksBuildPhase section */
		F016900F2191073B001526DA /* Frameworks */ = {
			isa = PBXFrameworksBuildPhase;
			buildActionMask = 2147483647;
			files = (
				2992077A8A3E69D91A459751 /* Pods_ControlCenter.framework in Frameworks */,
			);
			runOnlyForDeploymentPostprocessing = 0;
		};
		F01690232191073E001526DA /* Frameworks */ = {
			isa = PBXFrameworksBuildPhase;
			buildActionMask = 2147483647;
			files = (
			);
			runOnlyForDeploymentPostprocessing = 0;
		};
		F016902E2191073E001526DA /* Frameworks */ = {
			isa = PBXFrameworksBuildPhase;
			buildActionMask = 2147483647;
			files = (
			);
			runOnlyForDeploymentPostprocessing = 0;
		};
/* End PBXFrameworksBuildPhase section */

/* Begin PBXGroup section */
		7140909C6BCBDF30E21359BA /* Frameworks */ = {
			isa = PBXGroup;
			children = (
				D98462655BE1A44ABF588738 /* Pods_ControlCenter.framework */,
				673752BDE67D539DA62A069E /* Pods_ControlCenterTests.framework */,
				54323ACB114830CE53040B18 /* Pods_ControlCenterUITests.framework */,
			);
			name = Frameworks;
			sourceTree = "<group>";
		};
		D43C5D6F455A01DEC5561E7B /* Pods */ = {
			isa = PBXGroup;
			children = (
				E17CDEEB75FFBC0102B42F7B /* Pods-ControlCenter.debug.xcconfig */,
				9565782C9D11F33C9AFD3799 /* Pods-ControlCenter.release.xcconfig */,
			);
			name = Pods;
			sourceTree = "<group>";
		};
		F01690092191073B001526DA = {
			isa = PBXGroup;
			children = (
				F016904321910910001526DA /* Podfile */,
				F01690142191073B001526DA /* ControlCenter */,
				F01690292191073E001526DA /* ControlCenterTests */,
				F01690342191073E001526DA /* ControlCenterUITests */,
				7140909C6BCBDF30E21359BA /* Frameworks */,
				D43C5D6F455A01DEC5561E7B /* Pods */,
				F01690132191073B001526DA /* Products */,
			);
			sourceTree = "<group>";
		};
		F01690132191073B001526DA /* Products */ = {
			isa = PBXGroup;
			children = (
				F01690122191073B001526DA /* ControlCenter.app */,
				F01690262191073E001526DA /* ControlCenterTests.xctest */,
				F01690312191073E001526DA /* ControlCenterUITests.xctest */,
			);
			name = Products;
			sourceTree = "<group>";
		};
		F01690142191073B001526DA /* ControlCenter */ = {
			isa = PBXGroup;
			children = (
				F07F54C621936FC400080D94 /* ControlCenter.entitlements */,
				F01690212191073E001526DA /* Info.plist */,
				F01690172191073B001526DA /* ViewController.swift */,
				F05065EC2194C7A200675D86 /* app */,
				F07F54B32192751000080D94 /* common */,
				F07F54B2219219C800080D94 /* assets */,
				F016901E2191073E001526DA /* LaunchScreen.storyboard */,
				F01690192191073B001526DA /* Main.storyboard */,
			);
			path = ControlCenter;
			sourceTree = "<group>";
		};
		F01690292191073E001526DA /* ControlCenterTests */ = {
			isa = PBXGroup;
			children = (
				F016902A2191073E001526DA /* ControlCenterTests.swift */,
				F016902C2191073E001526DA /* Info.plist */,
			);
			path = ControlCenterTests;
			sourceTree = "<group>";
		};
		F01690342191073E001526DA /* ControlCenterUITests */ = {
			isa = PBXGroup;
			children = (
				F01690352191073E001526DA /* ControlCenterUITests.swift */,
				F01690372191073E001526DA /* Info.plist */,
			);
			path = ControlCenterUITests;
			sourceTree = "<group>";
		};
		F05065EC2194C7A200675D86 /* app */ = {
			isa = PBXGroup;
			children = (
				F07067032195118600873B85 /* prelude */,
				F05065ED2194C7D600675D86 /* login */,
			);
			path = app;
			sourceTree = "<group>";
		};
		F05065ED2194C7D600675D86 /* login */ = {
			isa = PBXGroup;
			children = (
				F050660B21950A9200675D86 /* transitions */,
				F05065F02194DD2A00675D86 /* controllers */,
				F05065EF2194DD2100675D86 /* views */,
			);
			path = login;
			sourceTree = "<group>";
		};
		F05065EE2194C91200675D86 /* views */ = {
			isa = PBXGroup;
			children = (
			);
			path = views;
			sourceTree = "<group>";
		};
		F05065EF2194DD2100675D86 /* views */ = {
			isa = PBXGroup;
			children = (
			);
			path = views;
			sourceTree = "<group>";
		};
		F05065F02194DD2A00675D86 /* controllers */ = {
			isa = PBXGroup;
			children = (
				F05065F12194DD5200675D86 /* IntroViewController.swift */,
				F05066052195027400675D86 /* LoginViewController.swift */,
				F0506607219504EC00675D86 /* CheckEmailViewController.swift */,
				F079F28521960C0900BB22EF /* CreateAccountViewController.swift */,
			);
			path = controllers;
			sourceTree = "<group>";
		};
		F05065F92194EFB600675D86 /* strings */ = {
			isa = PBXGroup;
			children = (
				F05066032194F18A00675D86 /* Localizable.strings */,
			);
			path = strings;
			sourceTree = "<group>";
		};
		F050660B21950A9200675D86 /* transitions */ = {
			isa = PBXGroup;
			children = (
				F050660C21950A9200675D86 /* LoginSegue.swift */,
			);
			path = transitions;
			sourceTree = "<group>";
		};
		F07067032195118600873B85 /* prelude */ = {
			isa = PBXGroup;
			children = (
				F01690152191073B001526DA /* AppDelegate.swift */,
				F0706704219511AE00873B85 /* AppDelegate+Setup.swift */,
			);
			path = prelude;
			sourceTree = "<group>";
		};
		F07F54B2219219C800080D94 /* assets */ = {
			isa = PBXGroup;
			children = (
				F05065F92194EFB600675D86 /* strings */,
				F07F54B52192752300080D94 /* fonts */,
				F016901C2191073E001526DA /* Assets.xcassets */,
			);
			path = assets;
			sourceTree = "<group>";
		};
		F07F54B32192751000080D94 /* common */ = {
			isa = PBXGroup;
			children = (
				F05065EE2194C91200675D86 /* views */,
				F07F54B42192751700080D94 /* utils */,
			);
			path = common;
			sourceTree = "<group>";
		};
		F07F54B42192751700080D94 /* utils */ = {
			isa = PBXGroup;
			children = (
				F07F54C2219279C900080D94 /* UIFont+extension.swift */,
				F07F54C421927C5400080D94 /* UIViewController+extension.swift */,
				F05065F52194E10400675D86 /* UIColor+extension.swift */,
				F05065F72194EF9500675D86 /* String+extension.swift */,
			);
			path = utils;
			sourceTree = "<group>";
		};
		F07F54B52192752300080D94 /* fonts */ = {
			isa = PBXGroup;
			children = (
				F07F54B6219277A400080D94 /* Montserrat-Black.ttf */,
				F07F54BA219277A400080D94 /* Montserrat-Bold.ttf */,
				F07F54B7219277A400080D94 /* Montserrat-Light.ttf */,
				F07F54BB219277A400080D94 /* Montserrat-Medium.ttf */,
				F07F54B8219277A400080D94 /* Montserrat-Regular.ttf */,
			);
			path = fonts;
			sourceTree = "<group>";
		};
/* End PBXGroup section */

/* Begin PBXNativeTarget section */
		F01690112191073B001526DA /* ControlCenter */ = {
			isa = PBXNativeTarget;
			buildConfigurationList = F016903A2191073E001526DA /* Build configuration list for PBXNativeTarget "ControlCenter" */;
			buildPhases = (
				4682829B90E861CCB8FE3C1A /* [CP] Check Pods Manifest.lock */,
				F016900E2191073B001526DA /* Sources */,
				F016900F2191073B001526DA /* Frameworks */,
				F01690102191073B001526DA /* Resources */,
				F016904521910A71001526DA /* Run Script */,
				C17573E8CF32BBC11DC2AFE2 /* [CP] Embed Pods Frameworks */,
			);
			buildRules = (
			);
			dependencies = (
			);
			name = ControlCenter;
			productName = ControlCenter;
			productReference = F01690122191073B001526DA /* ControlCenter.app */;
			productType = "com.apple.product-type.application";
		};
		F01690252191073E001526DA /* ControlCenterTests */ = {
			isa = PBXNativeTarget;
			buildConfigurationList = F016903D2191073E001526DA /* Build configuration list for PBXNativeTarget "ControlCenterTests" */;
			buildPhases = (
				F01690222191073E001526DA /* Sources */,
				F01690232191073E001526DA /* Frameworks */,
				F01690242191073E001526DA /* Resources */,
			);
			buildRules = (
			);
			dependencies = (
				F01690282191073E001526DA /* PBXTargetDependency */,
			);
			name = ControlCenterTests;
			productName = ControlCenterTests;
			productReference = F01690262191073E001526DA /* ControlCenterTests.xctest */;
			productType = "com.apple.product-type.bundle.unit-test";
		};
		F01690302191073E001526DA /* ControlCenterUITests */ = {
			isa = PBXNativeTarget;
			buildConfigurationList = F01690402191073E001526DA /* Build configuration list for PBXNativeTarget "ControlCenterUITests" */;
			buildPhases = (
				F016902D2191073E001526DA /* Sources */,
				F016902E2191073E001526DA /* Frameworks */,
				F016902F2191073E001526DA /* Resources */,
			);
			buildRules = (
			);
			dependencies = (
				F01690332191073E001526DA /* PBXTargetDependency */,
			);
			name = ControlCenterUITests;
			productName = ControlCenterUITests;
			productReference = F01690312191073E001526DA /* ControlCenterUITests.xctest */;
			productType = "com.apple.product-type.bundle.ui-testing";
		};
/* End PBXNativeTarget section */

/* Begin PBXProject section */
		F016900A2191073B001526DA /* Project object */ = {
			isa = PBXProject;
			attributes = {
				LastSwiftUpdateCheck = 1010;
				LastUpgradeCheck = 1010;
				ORGANIZATIONNAME = RocketJourney;
				TargetAttributes = {
					F01690112191073B001526DA = {
						CreatedOnToolsVersion = 10.1;
						SystemCapabilities = {
							com.apple.BackgroundModes = {
								enabled = 1;
							};
							com.apple.Push = {
								enabled = 1;
							};
							com.apple.SafariKeychain = {
								enabled = 1;
							};
						};
					};
					F01690252191073E001526DA = {
						CreatedOnToolsVersion = 10.1;
						TestTargetID = F01690112191073B001526DA;
					};
					F01690302191073E001526DA = {
						CreatedOnToolsVersion = 10.1;
						TestTargetID = F01690112191073B001526DA;
					};
				};
			};
			buildConfigurationList = F016900D2191073B001526DA /* Build configuration list for PBXProject "ControlCenter" */;
			compatibilityVersion = "Xcode 9.3";
			developmentRegion = en;
			hasScannedForEncodings = 0;
			knownRegions = (
				en,
				Base,
				es,
			);
			mainGroup = F01690092191073B001526DA;
			productRefGroup = F01690132191073B001526DA /* Products */;
			projectDirPath = "";
			projectRoot = "";
			targets = (
				F01690112191073B001526DA /* ControlCenter */,
				F01690252191073E001526DA /* ControlCenterTests */,
				F01690302191073E001526DA /* ControlCenterUITests */,
			);
		};
/* End PBXProject section */

/* Begin PBXResourcesBuildPhase section */
		F01690102191073B001526DA /* Resources */ = {
			isa = PBXResourcesBuildPhase;
			buildActionMask = 2147483647;
			files = (
				F07F54BD219277A400080D94 /* Montserrat-Light.ttf in Resources */,
				F01690202191073E001526DA /* LaunchScreen.storyboard in Resources */,
				F07F54BE219277A400080D94 /* Montserrat-Regular.ttf in Resources */,
				F07F54BC219277A400080D94 /* Montserrat-Black.ttf in Resources */,
				F07F54C0219277A400080D94 /* Montserrat-Bold.ttf in Resources */,
				F07F54C1219277A400080D94 /* Montserrat-Medium.ttf in Resources */,
				F05066012194F18A00675D86 /* Localizable.strings in Resources */,
				F016901D2191073E001526DA /* Assets.xcassets in Resources */,
				F016904421910910001526DA /* Podfile in Resources */,
				F016901B2191073B001526DA /* Main.storyboard in Resources */,
			);
			runOnlyForDeploymentPostprocessing = 0;
		};
		F01690242191073E001526DA /* Resources */ = {
			isa = PBXResourcesBuildPhase;
			buildActionMask = 2147483647;
			files = (
			);
			runOnlyForDeploymentPostprocessing = 0;
		};
		F016902F2191073E001526DA /* Resources */ = {
			isa = PBXResourcesBuildPhase;
			buildActionMask = 2147483647;
			files = (
			);
			runOnlyForDeploymentPostprocessing = 0;
		};
/* End PBXResourcesBuildPhase section */

/* Begin PBXShellScriptBuildPhase section */
		4682829B90E861CCB8FE3C1A /* [CP] Check Pods Manifest.lock */ = {
			isa = PBXShellScriptBuildPhase;
			buildActionMask = 2147483647;
			files = (
			);
			inputPaths = (
				"${PODS_PODFILE_DIR_PATH}/Podfile.lock",
				"${PODS_ROOT}/Manifest.lock",
			);
			name = "[CP] Check Pods Manifest.lock";
			outputPaths = (
				"$(DERIVED_FILE_DIR)/Pods-ControlCenter-checkManifestLockResult.txt",
			);
			runOnlyForDeploymentPostprocessing = 0;
			shellPath = /bin/sh;
			shellScript = "diff \"${PODS_PODFILE_DIR_PATH}/Podfile.lock\" \"${PODS_ROOT}/Manifest.lock\" > /dev/null\nif [ $? != 0 ] ; then\n    # print error to STDERR\n    echo \"error: The sandbox is not in sync with the Podfile.lock. Run 'pod install' or update your CocoaPods installation.\" >&2\n    exit 1\nfi\n# This output is used by Xcode 'outputs' to avoid re-running this script phase.\necho \"SUCCESS\" > \"${SCRIPT_OUTPUT_FILE_0}\"\n";
			showEnvVarsInLog = 0;
		};
		C17573E8CF32BBC11DC2AFE2 /* [CP] Embed Pods Frameworks */ = {
			isa = PBXShellScriptBuildPhase;
			buildActionMask = 2147483647;
			files = (
			);
			inputFileListPaths = (
			);
			inputPaths = (
				"${PODS_ROOT}/Target Support Files/Pods-ControlCenter/Pods-ControlCenter-frameworks.sh",
				"${BUILT_PRODUCTS_DIR}/Alamofire/Alamofire.framework",
				"${BUILT_PRODUCTS_DIR}/Branch/Branch.framework",
				"${BUILT_PRODUCTS_DIR}/IQKeyboardManagerSwift/IQKeyboardManagerSwift.framework",
				"${BUILT_PRODUCTS_DIR}/ReachabilitySwift/Reachability.framework",
				"${BUILT_PRODUCTS_DIR}/Realm/Realm.framework",
				"${BUILT_PRODUCTS_DIR}/RealmSwift/RealmSwift.framework",
				"${BUILT_PRODUCTS_DIR}/SnapKit/SnapKit.framework",
				"${BUILT_PRODUCTS_DIR}/SwiftHEXColors/SwiftHEXColors.framework",
				"${BUILT_PRODUCTS_DIR}/SwiftyJSON/SwiftyJSON.framework",
			);
			name = "[CP] Embed Pods Frameworks";
			outputFileListPaths = (
			);
			outputPaths = (
				"${TARGET_BUILD_DIR}/${FRAMEWORKS_FOLDER_PATH}/Alamofire.framework",
				"${TARGET_BUILD_DIR}/${FRAMEWORKS_FOLDER_PATH}/Branch.framework",
				"${TARGET_BUILD_DIR}/${FRAMEWORKS_FOLDER_PATH}/IQKeyboardManagerSwift.framework",
				"${TARGET_BUILD_DIR}/${FRAMEWORKS_FOLDER_PATH}/Reachability.framework",
				"${TARGET_BUILD_DIR}/${FRAMEWORKS_FOLDER_PATH}/Realm.framework",
				"${TARGET_BUILD_DIR}/${FRAMEWORKS_FOLDER_PATH}/RealmSwift.framework",
				"${TARGET_BUILD_DIR}/${FRAMEWORKS_FOLDER_PATH}/SnapKit.framework",
				"${TARGET_BUILD_DIR}/${FRAMEWORKS_FOLDER_PATH}/SwiftHEXColors.framework",
				"${TARGET_BUILD_DIR}/${FRAMEWORKS_FOLDER_PATH}/SwiftyJSON.framework",
			);
			runOnlyForDeploymentPostprocessing = 0;
			shellPath = /bin/sh;
			shellScript = "\"${PODS_ROOT}/Target Support Files/Pods-ControlCenter/Pods-ControlCenter-frameworks.sh\"\n";
			showEnvVarsInLog = 0;
		};
		F016904521910A71001526DA /* Run Script */ = {
			isa = PBXShellScriptBuildPhase;
			buildActionMask = 2147483647;
			files = (
			);
			inputFileListPaths = (
			);
			inputPaths = (
			);
			name = "Run Script";
			outputFileListPaths = (
			);
			outputPaths = (
			);
			runOnlyForDeploymentPostprocessing = 0;
			shellPath = /bin/sh;
			shellScript = "\"${PODS_ROOT}/Fabric/run\" 8701a191e31c3f731cf2322edd4924f1b38ed417 78aefa5cf69c692f14cc5cce3ac32e66c701a573c77bd79cc03305fb18545e62\n";
		};
/* End PBXShellScriptBuildPhase section */

/* Begin PBXSourcesBuildPhase section */
		F016900E2191073B001526DA /* Sources */ = {
			isa = PBXSourcesBuildPhase;
			buildActionMask = 2147483647;
			files = (
				F079F28621960C0900BB22EF /* CreateAccountViewController.swift in Sources */,
				F05065F32194DD5200675D86 /* IntroViewController.swift in Sources */,
				F07F54C521927C5400080D94 /* UIViewController+extension.swift in Sources */,
				F01690182191073B001526DA /* ViewController.swift in Sources */,
				F05065F62194E10400675D86 /* UIColor+extension.swift in Sources */,
				F0706705219511AE00873B85 /* AppDelegate+Setup.swift in Sources */,
				F050660D21950A9200675D86 /* LoginSegue.swift in Sources */,
				F05066062195027400675D86 /* LoginViewController.swift in Sources */,
				F07F54C3219279C900080D94 /* UIFont+extension.swift in Sources */,
				F0506608219504EC00675D86 /* CheckEmailViewController.swift in Sources */,
				F05065F82194EF9500675D86 /* String+extension.swift in Sources */,
				F01690162191073B001526DA /* AppDelegate.swift in Sources */,
			);
			runOnlyForDeploymentPostprocessing = 0;
		};
		F01690222191073E001526DA /* Sources */ = {
			isa = PBXSourcesBuildPhase;
			buildActionMask = 2147483647;
			files = (
				F016902B2191073E001526DA /* ControlCenterTests.swift in Sources */,
			);
			runOnlyForDeploymentPostprocessing = 0;
		};
		F016902D2191073E001526DA /* Sources */ = {
			isa = PBXSourcesBuildPhase;
			buildActionMask = 2147483647;
			files = (
				F01690362191073E001526DA /* ControlCenterUITests.swift in Sources */,
			);
			runOnlyForDeploymentPostprocessing = 0;
		};
/* End PBXSourcesBuildPhase section */

/* Begin PBXTargetDependency section */
		F01690282191073E001526DA /* PBXTargetDependency */ = {
			isa = PBXTargetDependency;
			target = F01690112191073B001526DA /* ControlCenter */;
			targetProxy = F01690272191073E001526DA /* PBXContainerItemProxy */;
		};
		F01690332191073E001526DA /* PBXTargetDependency */ = {
			isa = PBXTargetDependency;
			target = F01690112191073B001526DA /* ControlCenter */;
			targetProxy = F01690322191073E001526DA /* PBXContainerItemProxy */;
		};
/* End PBXTargetDependency section */

/* Begin PBXVariantGroup section */
		F01690192191073B001526DA /* Main.storyboard */ = {
			isa = PBXVariantGroup;
			children = (
				F016901A2191073B001526DA /* Base */,
			);
			name = Main.storyboard;
			sourceTree = "<group>";
		};
		F016901E2191073E001526DA /* LaunchScreen.storyboard */ = {
			isa = PBXVariantGroup;
			children = (
				F016901F2191073E001526DA /* Base */,
			);
			name = LaunchScreen.storyboard;
			sourceTree = "<group>";
		};
		F05066032194F18A00675D86 /* Localizable.strings */ = {
			isa = PBXVariantGroup;
			children = (
				F05066022194F18A00675D86 /* en */,
				F05066042194F21500675D86 /* es */,
			);
			name = Localizable.strings;
			sourceTree = "<group>";
		};
/* End PBXVariantGroup section */

/* Begin XCBuildConfiguration section */
		F01690382191073E001526DA /* Debug */ = {
			isa = XCBuildConfiguration;
			buildSettings = {
				ALWAYS_SEARCH_USER_PATHS = NO;
				CLANG_ANALYZER_LOCALIZABILITY_NONLOCALIZED = YES;
				CLANG_ANALYZER_NONNULL = YES;
				CLANG_ANALYZER_NUMBER_OBJECT_CONVERSION = YES_AGGRESSIVE;
				CLANG_CXX_LANGUAGE_STANDARD = "gnu++14";
				CLANG_CXX_LIBRARY = "libc++";
				CLANG_ENABLE_MODULES = YES;
				CLANG_ENABLE_OBJC_ARC = YES;
				CLANG_ENABLE_OBJC_WEAK = YES;
				CLANG_WARN_BLOCK_CAPTURE_AUTORELEASING = YES;
				CLANG_WARN_BOOL_CONVERSION = YES;
				CLANG_WARN_COMMA = YES;
				CLANG_WARN_CONSTANT_CONVERSION = YES;
				CLANG_WARN_DEPRECATED_OBJC_IMPLEMENTATIONS = YES;
				CLANG_WARN_DIRECT_OBJC_ISA_USAGE = YES_ERROR;
				CLANG_WARN_DOCUMENTATION_COMMENTS = YES;
				CLANG_WARN_EMPTY_BODY = YES;
				CLANG_WARN_ENUM_CONVERSION = YES;
				CLANG_WARN_INFINITE_RECURSION = YES;
				CLANG_WARN_INT_CONVERSION = YES;
				CLANG_WARN_NON_LITERAL_NULL_CONVERSION = YES;
				CLANG_WARN_OBJC_IMPLICIT_RETAIN_SELF = YES;
				CLANG_WARN_OBJC_LITERAL_CONVERSION = YES;
				CLANG_WARN_OBJC_ROOT_CLASS = YES_ERROR;
				CLANG_WARN_RANGE_LOOP_ANALYSIS = YES;
				CLANG_WARN_STRICT_PROTOTYPES = YES;
				CLANG_WARN_SUSPICIOUS_MOVE = YES;
				CLANG_WARN_UNGUARDED_AVAILABILITY = YES_AGGRESSIVE;
				CLANG_WARN_UNREACHABLE_CODE = YES;
				CLANG_WARN__DUPLICATE_METHOD_MATCH = YES;
				CODE_SIGN_IDENTITY = "iPhone Developer";
				COPY_PHASE_STRIP = NO;
				DEBUG_INFORMATION_FORMAT = dwarf;
				ENABLE_STRICT_OBJC_MSGSEND = YES;
				ENABLE_TESTABILITY = YES;
				GCC_C_LANGUAGE_STANDARD = gnu11;
				GCC_DYNAMIC_NO_PIC = NO;
				GCC_NO_COMMON_BLOCKS = YES;
				GCC_OPTIMIZATION_LEVEL = 0;
				GCC_PREPROCESSOR_DEFINITIONS = (
					"DEBUG=1",
					"$(inherited)",
				);
				GCC_WARN_64_TO_32_BIT_CONVERSION = YES;
				GCC_WARN_ABOUT_RETURN_TYPE = YES_ERROR;
				GCC_WARN_UNDECLARED_SELECTOR = YES;
				GCC_WARN_UNINITIALIZED_AUTOS = YES_AGGRESSIVE;
				GCC_WARN_UNUSED_FUNCTION = YES;
				GCC_WARN_UNUSED_VARIABLE = YES;
				IPHONEOS_DEPLOYMENT_TARGET = 10.0;
				MTL_ENABLE_DEBUG_INFO = INCLUDE_SOURCE;
				MTL_FAST_MATH = YES;
				ONLY_ACTIVE_ARCH = YES;
				SDKROOT = iphoneos;
				SWIFT_ACTIVE_COMPILATION_CONDITIONS = DEBUG;
				SWIFT_OPTIMIZATION_LEVEL = "-Onone";
			};
			name = Debug;
		};
		F01690392191073E001526DA /* Release */ = {
			isa = XCBuildConfiguration;
			buildSettings = {
				ALWAYS_SEARCH_USER_PATHS = NO;
				CLANG_ANALYZER_LOCALIZABILITY_NONLOCALIZED = YES;
				CLANG_ANALYZER_NONNULL = YES;
				CLANG_ANALYZER_NUMBER_OBJECT_CONVERSION = YES_AGGRESSIVE;
				CLANG_CXX_LANGUAGE_STANDARD = "gnu++14";
				CLANG_CXX_LIBRARY = "libc++";
				CLANG_ENABLE_MODULES = YES;
				CLANG_ENABLE_OBJC_ARC = YES;
				CLANG_ENABLE_OBJC_WEAK = YES;
				CLANG_WARN_BLOCK_CAPTURE_AUTORELEASING = YES;
				CLANG_WARN_BOOL_CONVERSION = YES;
				CLANG_WARN_COMMA = YES;
				CLANG_WARN_CONSTANT_CONVERSION = YES;
				CLANG_WARN_DEPRECATED_OBJC_IMPLEMENTATIONS = YES;
				CLANG_WARN_DIRECT_OBJC_ISA_USAGE = YES_ERROR;
				CLANG_WARN_DOCUMENTATION_COMMENTS = YES;
				CLANG_WARN_EMPTY_BODY = YES;
				CLANG_WARN_ENUM_CONVERSION = YES;
				CLANG_WARN_INFINITE_RECURSION = YES;
				CLANG_WARN_INT_CONVERSION = YES;
				CLANG_WARN_NON_LITERAL_NULL_CONVERSION = YES;
				CLANG_WARN_OBJC_IMPLICIT_RETAIN_SELF = YES;
				CLANG_WARN_OBJC_LITERAL_CONVERSION = YES;
				CLANG_WARN_OBJC_ROOT_CLASS = YES_ERROR;
				CLANG_WARN_RANGE_LOOP_ANALYSIS = YES;
				CLANG_WARN_STRICT_PROTOTYPES = YES;
				CLANG_WARN_SUSPICIOUS_MOVE = YES;
				CLANG_WARN_UNGUARDED_AVAILABILITY = YES_AGGRESSIVE;
				CLANG_WARN_UNREACHABLE_CODE = YES;
				CLANG_WARN__DUPLICATE_METHOD_MATCH = YES;
				CODE_SIGN_IDENTITY = "iPhone Developer";
				COPY_PHASE_STRIP = NO;
				DEBUG_INFORMATION_FORMAT = "dwarf-with-dsym";
				ENABLE_NS_ASSERTIONS = NO;
				ENABLE_STRICT_OBJC_MSGSEND = YES;
				GCC_C_LANGUAGE_STANDARD = gnu11;
				GCC_NO_COMMON_BLOCKS = YES;
				GCC_WARN_64_TO_32_BIT_CONVERSION = YES;
				GCC_WARN_ABOUT_RETURN_TYPE = YES_ERROR;
				GCC_WARN_UNDECLARED_SELECTOR = YES;
				GCC_WARN_UNINITIALIZED_AUTOS = YES_AGGRESSIVE;
				GCC_WARN_UNUSED_FUNCTION = YES;
				GCC_WARN_UNUSED_VARIABLE = YES;
				IPHONEOS_DEPLOYMENT_TARGET = 10.0;
				MTL_ENABLE_DEBUG_INFO = NO;
				MTL_FAST_MATH = YES;
				SDKROOT = iphoneos;
				SWIFT_COMPILATION_MODE = wholemodule;
				SWIFT_OPTIMIZATION_LEVEL = "-O";
				VALIDATE_PRODUCT = YES;
			};
			name = Release;
		};
		F016903B2191073E001526DA /* Debug */ = {
			isa = XCBuildConfiguration;
			baseConfigurationReference = E17CDEEB75FFBC0102B42F7B /* Pods-ControlCenter.debug.xcconfig */;
			buildSettings = {
				ASSETCATALOG_COMPILER_APPICON_NAME = AppIcon;
				BUNDLE_ID = com.rocketjourney.controlcenter.CCStaging;
				CODE_SIGN_ENTITLEMENTS = ControlCenter/ControlCenter.entitlements;
				CODE_SIGN_STYLE = Automatic;
				DEBUG_INFORMATION_FORMAT = "dwarf-with-dsym";
				DEVELOPMENT_TEAM = L9T32S589G;
				DISPLAY_NAME = CCStaging;
				INFOPLIST_FILE = ControlCenter/Info.plist;
				IPHONEOS_DEPLOYMENT_TARGET = 10.0;
				LD_RUNPATH_SEARCH_PATHS = (
					"$(inherited)",
					"@executable_path/Frameworks",
				);
				PRODUCT_BUNDLE_IDENTIFIER = com.rocketjourney.controlcenter.CCSandbox;
				PRODUCT_NAME = "$(TARGET_NAME)";
				SWIFT_VERSION = 4.2;
				TARGETED_DEVICE_FAMILY = 1;
			};
			name = Debug;
		};
		F016903C2191073E001526DA /* Release */ = {
			isa = XCBuildConfiguration;
			baseConfigurationReference = 9565782C9D11F33C9AFD3799 /* Pods-ControlCenter.release.xcconfig */;
			buildSettings = {
				ASSETCATALOG_COMPILER_APPICON_NAME = AppIcon;
				BUNDLE_ID = com.rocketjourney.controlcenter.ControlCenter;
				CODE_SIGN_ENTITLEMENTS = ControlCenter/ControlCenter.entitlements;
				CODE_SIGN_STYLE = Automatic;
				DEVELOPMENT_TEAM = L9T32S589G;
				DISPLAY_NAME = ControlCenter;
				INFOPLIST_FILE = ControlCenter/Info.plist;
				IPHONEOS_DEPLOYMENT_TARGET = 10.0;
				LD_RUNPATH_SEARCH_PATHS = (
					"$(inherited)",
					"@executable_path/Frameworks",
				);
				PRODUCT_BUNDLE_IDENTIFIER = com.rocketjourney.controlcenter.ControlCenter;
				PRODUCT_NAME = "$(TARGET_NAME)";
				SWIFT_VERSION = 4.2;
				TARGETED_DEVICE_FAMILY = 1;
			};
			name = Release;
		};
		F016903E2191073E001526DA /* Debug */ = {
			isa = XCBuildConfiguration;
			buildSettings = {
				ALWAYS_EMBED_SWIFT_STANDARD_LIBRARIES = YES;
				BUNDLE_LOADER = "$(TEST_HOST)";
				CODE_SIGN_STYLE = Automatic;
				DEVELOPMENT_TEAM = L9T32S589G;
				INFOPLIST_FILE = ControlCenterTests/Info.plist;
				LD_RUNPATH_SEARCH_PATHS = (
					"$(inherited)",
					"@executable_path/Frameworks",
					"@loader_path/Frameworks",
				);
				PRODUCT_BUNDLE_IDENTIFIER = com.rocketjourney.controlcenter.ControlCenterTests;
				PRODUCT_NAME = "$(TARGET_NAME)";
				SWIFT_VERSION = 4.2;
				TARGETED_DEVICE_FAMILY = "1,2";
				TEST_HOST = "$(BUILT_PRODUCTS_DIR)/ControlCenter.app/ControlCenter";
			};
			name = Debug;
		};
		F016903F2191073E001526DA /* Release */ = {
			isa = XCBuildConfiguration;
			buildSettings = {
				ALWAYS_EMBED_SWIFT_STANDARD_LIBRARIES = YES;
				BUNDLE_LOADER = "$(TEST_HOST)";
				CODE_SIGN_STYLE = Automatic;
				DEVELOPMENT_TEAM = L9T32S589G;
				INFOPLIST_FILE = ControlCenterTests/Info.plist;
				LD_RUNPATH_SEARCH_PATHS = (
					"$(inherited)",
					"@executable_path/Frameworks",
					"@loader_path/Frameworks",
				);
				PRODUCT_BUNDLE_IDENTIFIER = com.rocketjourney.controlcenter.ControlCenterTests;
				PRODUCT_NAME = "$(TARGET_NAME)";
				SWIFT_VERSION = 4.2;
				TARGETED_DEVICE_FAMILY = "1,2";
				TEST_HOST = "$(BUILT_PRODUCTS_DIR)/ControlCenter.app/ControlCenter";
			};
			name = Release;
		};
		F01690412191073E001526DA /* Debug */ = {
			isa = XCBuildConfiguration;
			buildSettings = {
				ALWAYS_EMBED_SWIFT_STANDARD_LIBRARIES = YES;
				CODE_SIGN_STYLE = Automatic;
				DEVELOPMENT_TEAM = L9T32S589G;
				INFOPLIST_FILE = ControlCenterUITests/Info.plist;
				LD_RUNPATH_SEARCH_PATHS = (
					"$(inherited)",
					"@executable_path/Frameworks",
					"@loader_path/Frameworks",
				);
				PRODUCT_BUNDLE_IDENTIFIER = com.rocketjourney.controlcenter.ControlCenterUITests;
				PRODUCT_NAME = "$(TARGET_NAME)";
				SWIFT_VERSION = 4.2;
				TARGETED_DEVICE_FAMILY = "1,2";
				TEST_TARGET_NAME = ControlCenter;
			};
			name = Debug;
		};
		F01690422191073E001526DA /* Release */ = {
			isa = XCBuildConfiguration;
			buildSettings = {
				ALWAYS_EMBED_SWIFT_STANDARD_LIBRARIES = YES;
				CODE_SIGN_STYLE = Automatic;
				DEVELOPMENT_TEAM = L9T32S589G;
				INFOPLIST_FILE = ControlCenterUITests/Info.plist;
				LD_RUNPATH_SEARCH_PATHS = (
					"$(inherited)",
					"@executable_path/Frameworks",
					"@loader_path/Frameworks",
				);
				PRODUCT_BUNDLE_IDENTIFIER = com.rocketjourney.controlcenter.ControlCenterUITests;
				PRODUCT_NAME = "$(TARGET_NAME)";
				SWIFT_VERSION = 4.2;
				TARGETED_DEVICE_FAMILY = "1,2";
				TEST_TARGET_NAME = ControlCenter;
			};
			name = Release;
		};
/* End XCBuildConfiguration section */

/* Begin XCConfigurationList section */
		F016900D2191073B001526DA /* Build configuration list for PBXProject "ControlCenter" */ = {
			isa = XCConfigurationList;
			buildConfigurations = (
				F01690382191073E001526DA /* Debug */,
				F01690392191073E001526DA /* Release */,
			);
			defaultConfigurationIsVisible = 0;
			defaultConfigurationName = Release;
		};
		F016903A2191073E001526DA /* Build configuration list for PBXNativeTarget "ControlCenter" */ = {
			isa = XCConfigurationList;
			buildConfigurations = (
				F016903B2191073E001526DA /* Debug */,
				F016903C2191073E001526DA /* Release */,
			);
			defaultConfigurationIsVisible = 0;
			defaultConfigurationName = Release;
		};
		F016903D2191073E001526DA /* Build configuration list for PBXNativeTarget "ControlCenterTests" */ = {
			isa = XCConfigurationList;
			buildConfigurations = (
				F016903E2191073E001526DA /* Debug */,
				F016903F2191073E001526DA /* Release */,
			);
			defaultConfigurationIsVisible = 0;
			defaultConfigurationName = Release;
		};
		F01690402191073E001526DA /* Build configuration list for PBXNativeTarget "ControlCenterUITests" */ = {
			isa = XCConfigurationList;
			buildConfigurations = (
				F01690412191073E001526DA /* Debug */,
				F01690422191073E001526DA /* Release */,
			);
			defaultConfigurationIsVisible = 0;
			defaultConfigurationName = Release;
		};
/* End XCConfigurationList section */
	};
	rootObject = F016900A2191073B001526DA /* Project object */;
}
