// !$*UTF8*$!
{
	archiveVersion = 1;
	classes = {
	};
	objectVersion = 50;
	objects = {

/* Begin PBXBuildFile section */
		2992077A8A3E69D91A459751 /* Pods_ControlCenter.framework in Frameworks */ = {isa = PBXBuildFile; fileRef = D98462655BE1A44ABF588738 /* Pods_ControlCenter.framework */; };
		F00C2E8C21B1983D0010EB18 /* UserCell.swift in Sources */ = {isa = PBXBuildFile; fileRef = F00C2E8A21B1983D0010EB18 /* UserCell.swift */; };
		F00C2E8D21B1983D0010EB18 /* UserCell.xib in Resources */ = {isa = PBXBuildFile; fileRef = F00C2E8B21B1983D0010EB18 /* UserCell.xib */; };
		F00C2E8F21B19EFD0010EB18 /* UserAssistant.swift in Sources */ = {isa = PBXBuildFile; fileRef = F00C2E8E21B19EFD0010EB18 /* UserAssistant.swift */; };
		F00C2E9121B1EE930010EB18 /* Paginator.swift in Sources */ = {isa = PBXBuildFile; fileRef = F00C2E9021B1EE930010EB18 /* Paginator.swift */; };
		F0133157219F52EA001CB04A /* CheckEmailSegue.swift in Sources */ = {isa = PBXBuildFile; fileRef = F0133156219F52EA001CB04A /* CheckEmailSegue.swift */; };
		F01690162191073B001526DA /* AppDelegate.swift in Sources */ = {isa = PBXBuildFile; fileRef = F01690152191073B001526DA /* AppDelegate.swift */; };
		F01690182191073B001526DA /* ViewController.swift in Sources */ = {isa = PBXBuildFile; fileRef = F01690172191073B001526DA /* ViewController.swift */; };
		F016901B2191073B001526DA /* Main.storyboard in Resources */ = {isa = PBXBuildFile; fileRef = F01690192191073B001526DA /* Main.storyboard */; };
		F016901D2191073E001526DA /* Assets.xcassets in Resources */ = {isa = PBXBuildFile; fileRef = F016901C2191073E001526DA /* Assets.xcassets */; };
		F01690202191073E001526DA /* LaunchScreen.storyboard in Resources */ = {isa = PBXBuildFile; fileRef = F016901E2191073E001526DA /* LaunchScreen.storyboard */; };
		F016902B2191073E001526DA /* ControlCenterTests.swift in Sources */ = {isa = PBXBuildFile; fileRef = F016902A2191073E001526DA /* ControlCenterTests.swift */; };
		F01690362191073E001526DA /* ControlCenterUITests.swift in Sources */ = {isa = PBXBuildFile; fileRef = F01690352191073E001526DA /* ControlCenterUITests.swift */; };
		F016904421910910001526DA /* Podfile in Resources */ = {isa = PBXBuildFile; fileRef = F016904321910910001526DA /* Podfile */; };
		F0237B1121B7709A00FF0C72 /* HeaderMenuCell.swift in Sources */ = {isa = PBXBuildFile; fileRef = F0237B0F21B7709A00FF0C72 /* HeaderMenuCell.swift */; };
		F0237B1221B7709A00FF0C72 /* HeaderMenuCell.xib in Resources */ = {isa = PBXBuildFile; fileRef = F0237B1021B7709A00FF0C72 /* HeaderMenuCell.xib */; };
		F03BD8CA21ACA6F400911917 /* DashboardViewController.swift in Sources */ = {isa = PBXBuildFile; fileRef = F03BD8C821ACA6F400911917 /* DashboardViewController.swift */; };
		F03BD8CF21ACAD3300911917 /* UsersViewController.swift in Sources */ = {isa = PBXBuildFile; fileRef = F03BD8CD21ACAD3300911917 /* UsersViewController.swift */; };
		F05065F32194DD5200675D86 /* IntroViewController.swift in Sources */ = {isa = PBXBuildFile; fileRef = F05065F12194DD5200675D86 /* IntroViewController.swift */; };
		F05065F62194E10400675D86 /* UIColor+extension.swift in Sources */ = {isa = PBXBuildFile; fileRef = F05065F52194E10400675D86 /* UIColor+extension.swift */; };
		F05065F82194EF9500675D86 /* String+extension.swift in Sources */ = {isa = PBXBuildFile; fileRef = F05065F72194EF9500675D86 /* String+extension.swift */; };
		F05066012194F18A00675D86 /* Localizable.strings in Resources */ = {isa = PBXBuildFile; fileRef = F05066032194F18A00675D86 /* Localizable.strings */; };
		F05066062195027400675D86 /* LoginViewController.swift in Sources */ = {isa = PBXBuildFile; fileRef = F05066052195027400675D86 /* LoginViewController.swift */; };
		F0506608219504EC00675D86 /* CheckEmailViewController.swift in Sources */ = {isa = PBXBuildFile; fileRef = F0506607219504EC00675D86 /* CheckEmailViewController.swift */; };
		F050660D21950A9200675D86 /* LoginSegue.swift in Sources */ = {isa = PBXBuildFile; fileRef = F050660C21950A9200675D86 /* LoginSegue.swift */; };
		F05B23C721B623E500D76F86 /* MenuOptionCell.swift in Sources */ = {isa = PBXBuildFile; fileRef = F05B23C521B623E500D76F86 /* MenuOptionCell.swift */; };
		F05B23C821B623E500D76F86 /* MenuOptionCell.xib in Resources */ = {isa = PBXBuildFile; fileRef = F05B23C621B623E500D76F86 /* MenuOptionCell.xib */; };
		F05B23CA21B624AA00D76F86 /* FooterSeparatorView.swift in Sources */ = {isa = PBXBuildFile; fileRef = F05B23C921B624AA00D76F86 /* FooterSeparatorView.swift */; };
		F05B23CC21B624B600D76F86 /* FooterSeparatorView.xib in Resources */ = {isa = PBXBuildFile; fileRef = F05B23CB21B624B600D76F86 /* FooterSeparatorView.xib */; };
		F05B23CE21B632B700D76F86 /* HomePreludeSegue.swift in Sources */ = {isa = PBXBuildFile; fileRef = F05B23CD21B632B700D76F86 /* HomePreludeSegue.swift */; };
		F06FC4CD21C078BA006B6EDB /* InviteViewController.swift in Sources */ = {isa = PBXBuildFile; fileRef = F06FC4CB21C078BA006B6EDB /* InviteViewController.swift */; };
		F06FC4CE21C078BA006B6EDB /* InviteViewController.xib in Resources */ = {isa = PBXBuildFile; fileRef = F06FC4CC21C078BA006B6EDB /* InviteViewController.xib */; };
		F0706705219511AE00873B85 /* AppDelegate+Setup.swift in Sources */ = {isa = PBXBuildFile; fileRef = F0706704219511AE00873B85 /* AppDelegate+Setup.swift */; };
		F073A73F21B7120A00E37D5A /* MenuLogoutCell.swift in Sources */ = {isa = PBXBuildFile; fileRef = F073A73D21B7120A00E37D5A /* MenuLogoutCell.swift */; };
		F073A74021B7120A00E37D5A /* MenuLogoutCell.xib in Resources */ = {isa = PBXBuildFile; fileRef = F073A73E21B7120A00E37D5A /* MenuLogoutCell.xib */; };
		F073A74D21B73B2600E37D5A /* terms.css in Resources */ = {isa = PBXBuildFile; fileRef = F073A74221B73B2500E37D5A /* terms.css */; };
		F073A74E21B73B2600E37D5A /* terms-es.html in Resources */ = {isa = PBXBuildFile; fileRef = F073A74321B73B2500E37D5A /* terms-es.html */; };
		F073A74F21B73B2600E37D5A /* terms-noresell.png in Resources */ = {isa = PBXBuildFile; fileRef = F073A74421B73B2500E37D5A /* terms-noresell.png */; };
		F073A75021B73B2600E37D5A /* terms-comply.png in Resources */ = {isa = PBXBuildFile; fileRef = F073A74521B73B2500E37D5A /* terms-comply.png */; };
		F073A75121B73B2600E37D5A /* terms-noresell@2x.png in Resources */ = {isa = PBXBuildFile; fileRef = F073A74621B73B2500E37D5A /* terms-noresell@2x.png */; };
		F073A75221B73B2600E37D5A /* terms-gift@2x.png in Resources */ = {isa = PBXBuildFile; fileRef = F073A74721B73B2500E37D5A /* terms-gift@2x.png */; };
		F073A75321B73B2600E37D5A /* terms-gift.png in Resources */ = {isa = PBXBuildFile; fileRef = F073A74821B73B2500E37D5A /* terms-gift.png */; };
		F073A75421B73B2600E37D5A /* terms-comply@2x.png in Resources */ = {isa = PBXBuildFile; fileRef = F073A74921B73B2500E37D5A /* terms-comply@2x.png */; };
		F073A75521B73B2600E37D5A /* terms-nostore@2x.png in Resources */ = {isa = PBXBuildFile; fileRef = F073A74A21B73B2500E37D5A /* terms-nostore@2x.png */; };
		F073A75621B73B2600E37D5A /* terms.html in Resources */ = {isa = PBXBuildFile; fileRef = F073A74B21B73B2500E37D5A /* terms.html */; };
		F073A75721B73B2600E37D5A /* terms-nostore.png in Resources */ = {isa = PBXBuildFile; fileRef = F073A74C21B73B2600E37D5A /* terms-nostore.png */; };
		F073A75A21B73C7000E37D5A /* WebViewController.swift in Sources */ = {isa = PBXBuildFile; fileRef = F073A75821B73C7000E37D5A /* WebViewController.swift */; };
		F073A75B21B73C7000E37D5A /* WebViewController.xib in Resources */ = {isa = PBXBuildFile; fileRef = F073A75921B73C7000E37D5A /* WebViewController.xib */; };
		F079F28621960C0900BB22EF /* CreateAccountViewController.swift in Sources */ = {isa = PBXBuildFile; fileRef = F079F28521960C0900BB22EF /* CreateAccountViewController.swift */; };
		F079F288219622FB00BB22EF /* JoinClubViewController.swift in Sources */ = {isa = PBXBuildFile; fileRef = F079F287219622FB00BB22EF /* JoinClubViewController.swift */; };
		F079F28A2196230700BB22EF /* ChooseClubViewController.swift in Sources */ = {isa = PBXBuildFile; fileRef = F079F2892196230700BB22EF /* ChooseClubViewController.swift */; };
		F079F28E2196351F00BB22EF /* ClubTableViewCell.swift in Sources */ = {isa = PBXBuildFile; fileRef = F079F28C2196351E00BB22EF /* ClubTableViewCell.swift */; };
		F079F28F2196351F00BB22EF /* ClubTableViewCell.xib in Resources */ = {isa = PBXBuildFile; fileRef = F079F28D2196351F00BB22EF /* ClubTableViewCell.xib */; };
		F079F29121963FFA00BB22EF /* RecoverPasswordViewController.swift in Sources */ = {isa = PBXBuildFile; fileRef = F079F29021963FFA00BB22EF /* RecoverPasswordViewController.swift */; };
		F079F293219643CD00BB22EF /* RecoverPasswordSegue.swift in Sources */ = {isa = PBXBuildFile; fileRef = F079F292219643CD00BB22EF /* RecoverPasswordSegue.swift */; };
		F079F29521965AA500BB22EF /* ChooseClubSegue.swift in Sources */ = {isa = PBXBuildFile; fileRef = F079F29421965AA500BB22EF /* ChooseClubSegue.swift */; };
		F07C37FB21C0955100DD11C4 /* InviteCell.swift in Sources */ = {isa = PBXBuildFile; fileRef = F07C37F921C0955100DD11C4 /* InviteCell.swift */; };
		F07C37FC21C0955100DD11C4 /* InviteCell.xib in Resources */ = {isa = PBXBuildFile; fileRef = F07C37FA21C0955100DD11C4 /* InviteCell.xib */; };
		F07F54BC219277A400080D94 /* Montserrat-Black.ttf in Resources */ = {isa = PBXBuildFile; fileRef = F07F54B6219277A400080D94 /* Montserrat-Black.ttf */; };
		F07F54BD219277A400080D94 /* Montserrat-Light.ttf in Resources */ = {isa = PBXBuildFile; fileRef = F07F54B7219277A400080D94 /* Montserrat-Light.ttf */; };
		F07F54BE219277A400080D94 /* Montserrat-Regular.ttf in Resources */ = {isa = PBXBuildFile; fileRef = F07F54B8219277A400080D94 /* Montserrat-Regular.ttf */; };
		F07F54C0219277A400080D94 /* Montserrat-Bold.ttf in Resources */ = {isa = PBXBuildFile; fileRef = F07F54BA219277A400080D94 /* Montserrat-Bold.ttf */; };
		F07F54C1219277A400080D94 /* Montserrat-Medium.ttf in Resources */ = {isa = PBXBuildFile; fileRef = F07F54BB219277A400080D94 /* Montserrat-Medium.ttf */; };
		F07F54C3219279C900080D94 /* UIFont+extension.swift in Sources */ = {isa = PBXBuildFile; fileRef = F07F54C2219279C900080D94 /* UIFont+extension.swift */; };
		F07F54C521927C5400080D94 /* UIViewController+extension.swift in Sources */ = {isa = PBXBuildFile; fileRef = F07F54C421927C5400080D94 /* UIViewController+extension.swift */; };
		F0A3D08621BB08CB008DF212 /* Data+extensions.swift in Sources */ = {isa = PBXBuildFile; fileRef = F0A3D08521BB08CA008DF212 /* Data+extensions.swift */; };
		F0B0108021AEFD4200DD82E7 /* UserRouter.swift in Sources */ = {isa = PBXBuildFile; fileRef = F0B0107F21AEFD4200DD82E7 /* UserRouter.swift */; };
		F0B0108221AEFFDF00DD82E7 /* User+Info.swift in Sources */ = {isa = PBXBuildFile; fileRef = F0B0108121AEFFDF00DD82E7 /* User+Info.swift */; };
		F0B0108421AF060500DD82E7 /* Spot.swift in Sources */ = {isa = PBXBuildFile; fileRef = F0B0108321AF060500DD82E7 /* Spot.swift */; };
		F0B0108721AF6D0200DD82E7 /* MenuSpotCell.swift in Sources */ = {isa = PBXBuildFile; fileRef = F0B0108521AF6D0200DD82E7 /* MenuSpotCell.swift */; };
		F0B0108821AF6D0200DD82E7 /* MenuSpotCell.xib in Resources */ = {isa = PBXBuildFile; fileRef = F0B0108621AF6D0200DD82E7 /* MenuSpotCell.xib */; };
		F0B0108B21B07B6100DD82E7 /* StatusCell.swift in Sources */ = {isa = PBXBuildFile; fileRef = F0B0108921B07B6100DD82E7 /* StatusCell.swift */; };
		F0B0108C21B07B6100DD82E7 /* StatusCell.xib in Resources */ = {isa = PBXBuildFile; fileRef = F0B0108A21B07B6100DD82E7 /* StatusCell.xib */; };
		F0CC36F921A39D9B00B89575 /* CreateAccountSegue.swift in Sources */ = {isa = PBXBuildFile; fileRef = F0CC36F821A39D9B00B89575 /* CreateAccountSegue.swift */; };
		F0CC36FB21A3AB5700B89575 /* Club.swift in Sources */ = {isa = PBXBuildFile; fileRef = F0CC36FA21A3AB5700B89575 /* Club.swift */; };
		F0CC36FD21A3AF2400B89575 /* SignUpHomeSegue.swift in Sources */ = {isa = PBXBuildFile; fileRef = F0CC36FC21A3AF2400B89575 /* SignUpHomeSegue.swift */; };
		F0CC36FF21A3AFEC00B89575 /* HomeViewController.swift in Sources */ = {isa = PBXBuildFile; fileRef = F0CC36FE21A3AFEC00B89575 /* HomeViewController.swift */; };
		F0CC370321A472B600B89575 /* PreludeHomeSegue.swift in Sources */ = {isa = PBXBuildFile; fileRef = F0CC370221A472B600B89575 /* PreludeHomeSegue.swift */; };
		F0CC370521A498EE00B89575 /* PreludeChooseClubSegue.swift in Sources */ = {isa = PBXBuildFile; fileRef = F0CC370421A498EE00B89575 /* PreludeChooseClubSegue.swift */; };
		F0D2DDE421ADC4FB003573DD /* MenuViewController.swift in Sources */ = {isa = PBXBuildFile; fileRef = F0D2DDE221ADC4FB003573DD /* MenuViewController.swift */; };
		F0D2DDE521ADC4FB003573DD /* MenuViewController.xib in Resources */ = {isa = PBXBuildFile; fileRef = F0D2DDE321ADC4FB003573DD /* MenuViewController.xib */; };
		F0D3BB1921AB8857006F4C93 /* ClubPreludeSegue.swift in Sources */ = {isa = PBXBuildFile; fileRef = F0D3BB1821AB8857006F4C93 /* ClubPreludeSegue.swift */; };
		F0D3BB1B21AB8BDC006F4C93 /* CreateAccountPreludeSegue.swift in Sources */ = {isa = PBXBuildFile; fileRef = F0D3BB1A21AB8BDC006F4C93 /* CreateAccountPreludeSegue.swift */; };
		F0DCD1DF21C1A34E0090E96B /* UIBarButtonItem+extension.swift in Sources */ = {isa = PBXBuildFile; fileRef = F0DCD1DE21C1A34E0090E96B /* UIBarButtonItem+extension.swift */; };
		F0DCD1E221C1B4730090E96B /* SendLinkViewController.swift in Sources */ = {isa = PBXBuildFile; fileRef = F0DCD1E021C1B4730090E96B /* SendLinkViewController.swift */; };
		F0DCD1E321C1B4730090E96B /* SendLinkViewController.xib in Resources */ = {isa = PBXBuildFile; fileRef = F0DCD1E121C1B4730090E96B /* SendLinkViewController.xib */; };
		F0DCD1E621C1B6740090E96B /* LinkCell.swift in Sources */ = {isa = PBXBuildFile; fileRef = F0DCD1E421C1B6740090E96B /* LinkCell.swift */; };
		F0DCD1E721C1B6740090E96B /* LinkCell.xib in Resources */ = {isa = PBXBuildFile; fileRef = F0DCD1E521C1B6740090E96B /* LinkCell.xib */; };
		F0DFBD8A219CE28A00F94BA1 /* Appdelegate+Handlers.swift in Sources */ = {isa = PBXBuildFile; fileRef = F0DFBD89219CE28A00F94BA1 /* Appdelegate+Handlers.swift */; };
		F0DFBD8C219D055700F94BA1 /* ControlCenter.entitlements in Resources */ = {isa = PBXBuildFile; fileRef = F07F54C621936FC400080D94 /* ControlCenter.entitlements */; };
		F0DFBD8E219E275300F94BA1 /* PreludeViewController.swift in Sources */ = {isa = PBXBuildFile; fileRef = F0DFBD8D219E275300F94BA1 /* PreludeViewController.swift */; };
		F0DFBD90219E359100F94BA1 /* IntroSegue.swift in Sources */ = {isa = PBXBuildFile; fileRef = F0DFBD8F219E359100F94BA1 /* IntroSegue.swift */; };
		F0DFBD93219E3E5C00F94BA1 /* RequestBuilderV2.swift in Sources */ = {isa = PBXBuildFile; fileRef = F0DFBD92219E3E5C00F94BA1 /* RequestBuilderV2.swift */; };
		F0DFBD96219E4BED00F94BA1 /* User.swift in Sources */ = {isa = PBXBuildFile; fileRef = F0DFBD95219E4BED00F94BA1 /* User.swift */; };
		F0DFBD98219E4C9400F94BA1 /* ControlCenterRealm.swift in Sources */ = {isa = PBXBuildFile; fileRef = F0DFBD97219E4C9400F94BA1 /* ControlCenterRealm.swift */; };
		F0DFBD9B219E4E3100F94BA1 /* User+Login.swift in Sources */ = {isa = PBXBuildFile; fileRef = F0DFBD9A219E4E3100F94BA1 /* User+Login.swift */; };
		F0DFBD9D219E4E5B00F94BA1 /* LoginRouter.swift in Sources */ = {isa = PBXBuildFile; fileRef = F0DFBD9C219E4E5B00F94BA1 /* LoginRouter.swift */; };
		F0DFBD9F219E51FE00F94BA1 /* InvitationRouter.swift in Sources */ = {isa = PBXBuildFile; fileRef = F0DFBD9E219E51FE00F94BA1 /* InvitationRouter.swift */; };
		F0DFBDA1219E566500F94BA1 /* User+Invitation.swift in Sources */ = {isa = PBXBuildFile; fileRef = F0DFBDA0219E566500F94BA1 /* User+Invitation.swift */; };
		F0ECF3C321C31FA000ACEE26 /* GuideViewController.swift in Sources */ = {isa = PBXBuildFile; fileRef = F0ECF3C221C31FA000ACEE26 /* GuideViewController.swift */; };
		F0ECF3C521C336AE00ACEE26 /* AppDelegate+Events.swift in Sources */ = {isa = PBXBuildFile; fileRef = F0ECF3C421C336AE00ACEE26 /* AppDelegate+Events.swift */; };
		F0ECF3C721C33ADD00ACEE26 /* Notifications.swift in Sources */ = {isa = PBXBuildFile; fileRef = F0ECF3C621C33ADD00ACEE26 /* Notifications.swift */; };
		F0ECF3C921C33C9700ACEE26 /* HomeViewController+Notifications.swift in Sources */ = {isa = PBXBuildFile; fileRef = F0ECF3C821C33C9700ACEE26 /* HomeViewController+Notifications.swift */; };
/* End PBXBuildFile section */

/* Begin PBXContainerItemProxy section */
		F01690272191073E001526DA /* PBXContainerItemProxy */ = {
			isa = PBXContainerItemProxy;
			containerPortal = F016900A2191073B001526DA /* Project object */;
			proxyType = 1;
			remoteGlobalIDString = F01690112191073B001526DA;
			remoteInfo = ControlCenter;
		};
		F01690322191073E001526DA /* PBXContainerItemProxy */ = {
			isa = PBXContainerItemProxy;
			containerPortal = F016900A2191073B001526DA /* Project object */;
			proxyType = 1;
			remoteGlobalIDString = F01690112191073B001526DA;
			remoteInfo = ControlCenter;
		};
/* End PBXContainerItemProxy section */

/* Begin PBXFileReference section */
		54323ACB114830CE53040B18 /* Pods_ControlCenterUITests.framework */ = {isa = PBXFileReference; explicitFileType = wrapper.framework; includeInIndex = 0; path = Pods_ControlCenterUITests.framework; sourceTree = BUILT_PRODUCTS_DIR; };
		673752BDE67D539DA62A069E /* Pods_ControlCenterTests.framework */ = {isa = PBXFileReference; explicitFileType = wrapper.framework; includeInIndex = 0; path = Pods_ControlCenterTests.framework; sourceTree = BUILT_PRODUCTS_DIR; };
		9565782C9D11F33C9AFD3799 /* Pods-ControlCenter.release.xcconfig */ = {isa = PBXFileReference; includeInIndex = 1; lastKnownFileType = text.xcconfig; name = "Pods-ControlCenter.release.xcconfig"; path = "Pods/Target Support Files/Pods-ControlCenter/Pods-ControlCenter.release.xcconfig"; sourceTree = "<group>"; };
		D98462655BE1A44ABF588738 /* Pods_ControlCenter.framework */ = {isa = PBXFileReference; explicitFileType = wrapper.framework; includeInIndex = 0; path = Pods_ControlCenter.framework; sourceTree = BUILT_PRODUCTS_DIR; };
		E17CDEEB75FFBC0102B42F7B /* Pods-ControlCenter.debug.xcconfig */ = {isa = PBXFileReference; includeInIndex = 1; lastKnownFileType = text.xcconfig; name = "Pods-ControlCenter.debug.xcconfig"; path = "Pods/Target Support Files/Pods-ControlCenter/Pods-ControlCenter.debug.xcconfig"; sourceTree = "<group>"; };
		F00C2E8A21B1983D0010EB18 /* UserCell.swift */ = {isa = PBXFileReference; lastKnownFileType = sourcecode.swift; path = UserCell.swift; sourceTree = "<group>"; };
		F00C2E8B21B1983D0010EB18 /* UserCell.xib */ = {isa = PBXFileReference; lastKnownFileType = file.xib; path = UserCell.xib; sourceTree = "<group>"; };
		F00C2E8E21B19EFD0010EB18 /* UserAssistant.swift */ = {isa = PBXFileReference; lastKnownFileType = sourcecode.swift; path = UserAssistant.swift; sourceTree = "<group>"; };
		F00C2E9021B1EE930010EB18 /* Paginator.swift */ = {isa = PBXFileReference; lastKnownFileType = sourcecode.swift; path = Paginator.swift; sourceTree = "<group>"; };
		F0133156219F52EA001CB04A /* CheckEmailSegue.swift */ = {isa = PBXFileReference; lastKnownFileType = sourcecode.swift; path = CheckEmailSegue.swift; sourceTree = "<group>"; };
		F01690122191073B001526DA /* CCStaging.app */ = {isa = PBXFileReference; explicitFileType = wrapper.application; includeInIndex = 0; path = CCStaging.app; sourceTree = BUILT_PRODUCTS_DIR; };
		F01690152191073B001526DA /* AppDelegate.swift */ = {isa = PBXFileReference; lastKnownFileType = sourcecode.swift; path = AppDelegate.swift; sourceTree = "<group>"; };
		F01690172191073B001526DA /* ViewController.swift */ = {isa = PBXFileReference; lastKnownFileType = sourcecode.swift; path = ViewController.swift; sourceTree = "<group>"; };
		F016901A2191073B001526DA /* Base */ = {isa = PBXFileReference; lastKnownFileType = file.storyboard; name = Base; path = Base.lproj/Main.storyboard; sourceTree = "<group>"; };
		F016901C2191073E001526DA /* Assets.xcassets */ = {isa = PBXFileReference; lastKnownFileType = folder.assetcatalog; path = Assets.xcassets; sourceTree = "<group>"; };
		F016901F2191073E001526DA /* Base */ = {isa = PBXFileReference; lastKnownFileType = file.storyboard; name = Base; path = Base.lproj/LaunchScreen.storyboard; sourceTree = "<group>"; };
		F01690212191073E001526DA /* Info.plist */ = {isa = PBXFileReference; lastKnownFileType = text.plist.xml; path = Info.plist; sourceTree = "<group>"; };
		F01690262191073E001526DA /* ControlCenterTests.xctest */ = {isa = PBXFileReference; explicitFileType = wrapper.cfbundle; includeInIndex = 0; path = ControlCenterTests.xctest; sourceTree = BUILT_PRODUCTS_DIR; };
		F016902A2191073E001526DA /* ControlCenterTests.swift */ = {isa = PBXFileReference; lastKnownFileType = sourcecode.swift; path = ControlCenterTests.swift; sourceTree = "<group>"; };
		F016902C2191073E001526DA /* Info.plist */ = {isa = PBXFileReference; lastKnownFileType = text.plist.xml; path = Info.plist; sourceTree = "<group>"; };
		F01690312191073E001526DA /* ControlCenterUITests.xctest */ = {isa = PBXFileReference; explicitFileType = wrapper.cfbundle; includeInIndex = 0; path = ControlCenterUITests.xctest; sourceTree = BUILT_PRODUCTS_DIR; };
		F01690352191073E001526DA /* ControlCenterUITests.swift */ = {isa = PBXFileReference; lastKnownFileType = sourcecode.swift; path = ControlCenterUITests.swift; sourceTree = "<group>"; };
		F01690372191073E001526DA /* Info.plist */ = {isa = PBXFileReference; lastKnownFileType = text.plist.xml; path = Info.plist; sourceTree = "<group>"; };
		F016904321910910001526DA /* Podfile */ = {isa = PBXFileReference; fileEncoding = 4; lastKnownFileType = text; path = Podfile; sourceTree = "<group>"; xcLanguageSpecificationIdentifier = xcode.lang.ruby; };
		F0237B0F21B7709A00FF0C72 /* HeaderMenuCell.swift */ = {isa = PBXFileReference; lastKnownFileType = sourcecode.swift; path = HeaderMenuCell.swift; sourceTree = "<group>"; };
		F0237B1021B7709A00FF0C72 /* HeaderMenuCell.xib */ = {isa = PBXFileReference; lastKnownFileType = file.xib; path = HeaderMenuCell.xib; sourceTree = "<group>"; };
		F03BD8C821ACA6F400911917 /* DashboardViewController.swift */ = {isa = PBXFileReference; lastKnownFileType = sourcecode.swift; path = DashboardViewController.swift; sourceTree = "<group>"; };
		F03BD8CD21ACAD3300911917 /* UsersViewController.swift */ = {isa = PBXFileReference; lastKnownFileType = sourcecode.swift; path = UsersViewController.swift; sourceTree = "<group>"; };
		F05065F12194DD5200675D86 /* IntroViewController.swift */ = {isa = PBXFileReference; lastKnownFileType = sourcecode.swift; path = IntroViewController.swift; sourceTree = "<group>"; };
		F05065F52194E10400675D86 /* UIColor+extension.swift */ = {isa = PBXFileReference; lastKnownFileType = sourcecode.swift; path = "UIColor+extension.swift"; sourceTree = "<group>"; };
		F05065F72194EF9500675D86 /* String+extension.swift */ = {isa = PBXFileReference; lastKnownFileType = sourcecode.swift; path = "String+extension.swift"; sourceTree = "<group>"; };
		F05066022194F18A00675D86 /* en */ = {isa = PBXFileReference; lastKnownFileType = text.plist.strings; name = en; path = en.lproj/Localizable.strings; sourceTree = "<group>"; };
		F05066042194F21500675D86 /* es */ = {isa = PBXFileReference; lastKnownFileType = text.plist.strings; name = es; path = es.lproj/Localizable.strings; sourceTree = "<group>"; };
		F05066052195027400675D86 /* LoginViewController.swift */ = {isa = PBXFileReference; lastKnownFileType = sourcecode.swift; path = LoginViewController.swift; sourceTree = "<group>"; };
		F0506607219504EC00675D86 /* CheckEmailViewController.swift */ = {isa = PBXFileReference; lastKnownFileType = sourcecode.swift; path = CheckEmailViewController.swift; sourceTree = "<group>"; };
		F050660C21950A9200675D86 /* LoginSegue.swift */ = {isa = PBXFileReference; fileEncoding = 4; lastKnownFileType = sourcecode.swift; path = LoginSegue.swift; sourceTree = "<group>"; };
		F05B23C521B623E500D76F86 /* MenuOptionCell.swift */ = {isa = PBXFileReference; lastKnownFileType = sourcecode.swift; path = MenuOptionCell.swift; sourceTree = "<group>"; };
		F05B23C621B623E500D76F86 /* MenuOptionCell.xib */ = {isa = PBXFileReference; lastKnownFileType = file.xib; path = MenuOptionCell.xib; sourceTree = "<group>"; };
		F05B23C921B624AA00D76F86 /* FooterSeparatorView.swift */ = {isa = PBXFileReference; lastKnownFileType = sourcecode.swift; path = FooterSeparatorView.swift; sourceTree = "<group>"; };
		F05B23CB21B624B600D76F86 /* FooterSeparatorView.xib */ = {isa = PBXFileReference; lastKnownFileType = file.xib; path = FooterSeparatorView.xib; sourceTree = "<group>"; };
		F05B23CD21B632B700D76F86 /* HomePreludeSegue.swift */ = {isa = PBXFileReference; lastKnownFileType = sourcecode.swift; path = HomePreludeSegue.swift; sourceTree = "<group>"; };
		F06FC4CB21C078BA006B6EDB /* InviteViewController.swift */ = {isa = PBXFileReference; lastKnownFileType = sourcecode.swift; path = InviteViewController.swift; sourceTree = "<group>"; };
		F06FC4CC21C078BA006B6EDB /* InviteViewController.xib */ = {isa = PBXFileReference; lastKnownFileType = file.xib; path = InviteViewController.xib; sourceTree = "<group>"; };
		F0706704219511AE00873B85 /* AppDelegate+Setup.swift */ = {isa = PBXFileReference; lastKnownFileType = sourcecode.swift; path = "AppDelegate+Setup.swift"; sourceTree = "<group>"; };
		F073A73D21B7120A00E37D5A /* MenuLogoutCell.swift */ = {isa = PBXFileReference; lastKnownFileType = sourcecode.swift; path = MenuLogoutCell.swift; sourceTree = "<group>"; };
		F073A73E21B7120A00E37D5A /* MenuLogoutCell.xib */ = {isa = PBXFileReference; lastKnownFileType = file.xib; path = MenuLogoutCell.xib; sourceTree = "<group>"; };
		F073A74221B73B2500E37D5A /* terms.css */ = {isa = PBXFileReference; fileEncoding = 4; lastKnownFileType = text.css; path = terms.css; sourceTree = "<group>"; };
		F073A74321B73B2500E37D5A /* terms-es.html */ = {isa = PBXFileReference; fileEncoding = 4; lastKnownFileType = text.html; path = "terms-es.html"; sourceTree = "<group>"; };
		F073A74421B73B2500E37D5A /* terms-noresell.png */ = {isa = PBXFileReference; lastKnownFileType = image.png; path = "terms-noresell.png"; sourceTree = "<group>"; };
		F073A74521B73B2500E37D5A /* terms-comply.png */ = {isa = PBXFileReference; lastKnownFileType = image.png; path = "terms-comply.png"; sourceTree = "<group>"; };
		F073A74621B73B2500E37D5A /* terms-noresell@2x.png */ = {isa = PBXFileReference; lastKnownFileType = image.png; path = "terms-noresell@2x.png"; sourceTree = "<group>"; };
		F073A74721B73B2500E37D5A /* terms-gift@2x.png */ = {isa = PBXFileReference; lastKnownFileType = image.png; path = "terms-gift@2x.png"; sourceTree = "<group>"; };
		F073A74821B73B2500E37D5A /* terms-gift.png */ = {isa = PBXFileReference; lastKnownFileType = image.png; path = "terms-gift.png"; sourceTree = "<group>"; };
		F073A74921B73B2500E37D5A /* terms-comply@2x.png */ = {isa = PBXFileReference; lastKnownFileType = image.png; path = "terms-comply@2x.png"; sourceTree = "<group>"; };
		F073A74A21B73B2500E37D5A /* terms-nostore@2x.png */ = {isa = PBXFileReference; lastKnownFileType = image.png; path = "terms-nostore@2x.png"; sourceTree = "<group>"; };
		F073A74B21B73B2500E37D5A /* terms.html */ = {isa = PBXFileReference; fileEncoding = 4; lastKnownFileType = text.html; path = terms.html; sourceTree = "<group>"; };
		F073A74C21B73B2600E37D5A /* terms-nostore.png */ = {isa = PBXFileReference; lastKnownFileType = image.png; path = "terms-nostore.png"; sourceTree = "<group>"; };
		F073A75821B73C7000E37D5A /* WebViewController.swift */ = {isa = PBXFileReference; lastKnownFileType = sourcecode.swift; path = WebViewController.swift; sourceTree = "<group>"; };
		F073A75921B73C7000E37D5A /* WebViewController.xib */ = {isa = PBXFileReference; lastKnownFileType = file.xib; path = WebViewController.xib; sourceTree = "<group>"; };
		F079F28521960C0900BB22EF /* CreateAccountViewController.swift */ = {isa = PBXFileReference; lastKnownFileType = sourcecode.swift; path = CreateAccountViewController.swift; sourceTree = "<group>"; };
		F079F287219622FB00BB22EF /* JoinClubViewController.swift */ = {isa = PBXFileReference; lastKnownFileType = sourcecode.swift; path = JoinClubViewController.swift; sourceTree = "<group>"; };
		F079F2892196230700BB22EF /* ChooseClubViewController.swift */ = {isa = PBXFileReference; lastKnownFileType = sourcecode.swift; path = ChooseClubViewController.swift; sourceTree = "<group>"; };
		F079F28C2196351E00BB22EF /* ClubTableViewCell.swift */ = {isa = PBXFileReference; lastKnownFileType = sourcecode.swift; path = ClubTableViewCell.swift; sourceTree = "<group>"; };
		F079F28D2196351F00BB22EF /* ClubTableViewCell.xib */ = {isa = PBXFileReference; lastKnownFileType = file.xib; path = ClubTableViewCell.xib; sourceTree = "<group>"; };
		F079F29021963FFA00BB22EF /* RecoverPasswordViewController.swift */ = {isa = PBXFileReference; lastKnownFileType = sourcecode.swift; path = RecoverPasswordViewController.swift; sourceTree = "<group>"; };
		F079F292219643CD00BB22EF /* RecoverPasswordSegue.swift */ = {isa = PBXFileReference; lastKnownFileType = sourcecode.swift; path = RecoverPasswordSegue.swift; sourceTree = "<group>"; };
		F079F29421965AA500BB22EF /* ChooseClubSegue.swift */ = {isa = PBXFileReference; lastKnownFileType = sourcecode.swift; path = ChooseClubSegue.swift; sourceTree = "<group>"; };
		F07C37F921C0955100DD11C4 /* InviteCell.swift */ = {isa = PBXFileReference; lastKnownFileType = sourcecode.swift; path = InviteCell.swift; sourceTree = "<group>"; };
		F07C37FA21C0955100DD11C4 /* InviteCell.xib */ = {isa = PBXFileReference; lastKnownFileType = file.xib; path = InviteCell.xib; sourceTree = "<group>"; };
		F07F54B6219277A400080D94 /* Montserrat-Black.ttf */ = {isa = PBXFileReference; lastKnownFileType = file; path = "Montserrat-Black.ttf"; sourceTree = "<group>"; };
		F07F54B7219277A400080D94 /* Montserrat-Light.ttf */ = {isa = PBXFileReference; lastKnownFileType = file; path = "Montserrat-Light.ttf"; sourceTree = "<group>"; };
		F07F54B8219277A400080D94 /* Montserrat-Regular.ttf */ = {isa = PBXFileReference; lastKnownFileType = file; path = "Montserrat-Regular.ttf"; sourceTree = "<group>"; };
		F07F54BA219277A400080D94 /* Montserrat-Bold.ttf */ = {isa = PBXFileReference; lastKnownFileType = file; path = "Montserrat-Bold.ttf"; sourceTree = "<group>"; };
		F07F54BB219277A400080D94 /* Montserrat-Medium.ttf */ = {isa = PBXFileReference; lastKnownFileType = file; path = "Montserrat-Medium.ttf"; sourceTree = "<group>"; };
		F07F54C2219279C900080D94 /* UIFont+extension.swift */ = {isa = PBXFileReference; lastKnownFileType = sourcecode.swift; path = "UIFont+extension.swift"; sourceTree = "<group>"; };
		F07F54C421927C5400080D94 /* UIViewController+extension.swift */ = {isa = PBXFileReference; lastKnownFileType = sourcecode.swift; path = "UIViewController+extension.swift"; sourceTree = "<group>"; };
		F07F54C621936FC400080D94 /* ControlCenter.entitlements */ = {isa = PBXFileReference; lastKnownFileType = text.plist.entitlements; path = ControlCenter.entitlements; sourceTree = "<group>"; };
		F0A3D08521BB08CA008DF212 /* Data+extensions.swift */ = {isa = PBXFileReference; lastKnownFileType = sourcecode.swift; path = "Data+extensions.swift"; sourceTree = "<group>"; };
		F0A3D08721BB0ACF008DF212 /* PermissionConfiguration.xcconfig */ = {isa = PBXFileReference; fileEncoding = 4; lastKnownFileType = text.xcconfig; path = PermissionConfiguration.xcconfig; sourceTree = "<group>"; };
		F0B0107F21AEFD4200DD82E7 /* UserRouter.swift */ = {isa = PBXFileReference; lastKnownFileType = sourcecode.swift; path = UserRouter.swift; sourceTree = "<group>"; };
		F0B0108121AEFFDF00DD82E7 /* User+Info.swift */ = {isa = PBXFileReference; lastKnownFileType = sourcecode.swift; path = "User+Info.swift"; sourceTree = "<group>"; };
		F0B0108321AF060500DD82E7 /* Spot.swift */ = {isa = PBXFileReference; lastKnownFileType = sourcecode.swift; path = Spot.swift; sourceTree = "<group>"; };
		F0B0108521AF6D0200DD82E7 /* MenuSpotCell.swift */ = {isa = PBXFileReference; lastKnownFileType = sourcecode.swift; path = MenuSpotCell.swift; sourceTree = "<group>"; };
		F0B0108621AF6D0200DD82E7 /* MenuSpotCell.xib */ = {isa = PBXFileReference; lastKnownFileType = file.xib; path = MenuSpotCell.xib; sourceTree = "<group>"; };
		F0B0108921B07B6100DD82E7 /* StatusCell.swift */ = {isa = PBXFileReference; lastKnownFileType = sourcecode.swift; path = StatusCell.swift; sourceTree = "<group>"; };
		F0B0108A21B07B6100DD82E7 /* StatusCell.xib */ = {isa = PBXFileReference; lastKnownFileType = file.xib; path = StatusCell.xib; sourceTree = "<group>"; };
		F0CC36F821A39D9B00B89575 /* CreateAccountSegue.swift */ = {isa = PBXFileReference; lastKnownFileType = sourcecode.swift; path = CreateAccountSegue.swift; sourceTree = "<group>"; };
		F0CC36FA21A3AB5700B89575 /* Club.swift */ = {isa = PBXFileReference; lastKnownFileType = sourcecode.swift; path = Club.swift; sourceTree = "<group>"; };
		F0CC36FC21A3AF2400B89575 /* SignUpHomeSegue.swift */ = {isa = PBXFileReference; lastKnownFileType = sourcecode.swift; path = SignUpHomeSegue.swift; sourceTree = "<group>"; };
		F0CC36FE21A3AFEC00B89575 /* HomeViewController.swift */ = {isa = PBXFileReference; lastKnownFileType = sourcecode.swift; path = HomeViewController.swift; sourceTree = "<group>"; };
		F0CC370221A472B600B89575 /* PreludeHomeSegue.swift */ = {isa = PBXFileReference; lastKnownFileType = sourcecode.swift; path = PreludeHomeSegue.swift; sourceTree = "<group>"; };
		F0CC370421A498EE00B89575 /* PreludeChooseClubSegue.swift */ = {isa = PBXFileReference; lastKnownFileType = sourcecode.swift; path = PreludeChooseClubSegue.swift; sourceTree = "<group>"; };
		F0D2DDE221ADC4FB003573DD /* MenuViewController.swift */ = {isa = PBXFileReference; lastKnownFileType = sourcecode.swift; path = MenuViewController.swift; sourceTree = "<group>"; };
		F0D2DDE321ADC4FB003573DD /* MenuViewController.xib */ = {isa = PBXFileReference; lastKnownFileType = file.xib; path = MenuViewController.xib; sourceTree = "<group>"; };
		F0D3BB1821AB8857006F4C93 /* ClubPreludeSegue.swift */ = {isa = PBXFileReference; lastKnownFileType = sourcecode.swift; path = ClubPreludeSegue.swift; sourceTree = "<group>"; };
		F0D3BB1A21AB8BDC006F4C93 /* CreateAccountPreludeSegue.swift */ = {isa = PBXFileReference; lastKnownFileType = sourcecode.swift; path = CreateAccountPreludeSegue.swift; sourceTree = "<group>"; };
		F0DCD1DE21C1A34E0090E96B /* UIBarButtonItem+extension.swift */ = {isa = PBXFileReference; lastKnownFileType = sourcecode.swift; path = "UIBarButtonItem+extension.swift"; sourceTree = "<group>"; };
		F0DCD1E021C1B4730090E96B /* SendLinkViewController.swift */ = {isa = PBXFileReference; lastKnownFileType = sourcecode.swift; path = SendLinkViewController.swift; sourceTree = "<group>"; };
		F0DCD1E121C1B4730090E96B /* SendLinkViewController.xib */ = {isa = PBXFileReference; lastKnownFileType = file.xib; path = SendLinkViewController.xib; sourceTree = "<group>"; };
		F0DCD1E421C1B6740090E96B /* LinkCell.swift */ = {isa = PBXFileReference; lastKnownFileType = sourcecode.swift; path = LinkCell.swift; sourceTree = "<group>"; };
		F0DCD1E521C1B6740090E96B /* LinkCell.xib */ = {isa = PBXFileReference; lastKnownFileType = file.xib; path = LinkCell.xib; sourceTree = "<group>"; };
		F0DFBD89219CE28A00F94BA1 /* Appdelegate+Handlers.swift */ = {isa = PBXFileReference; lastKnownFileType = sourcecode.swift; path = "Appdelegate+Handlers.swift"; sourceTree = "<group>"; };
		F0DFBD8D219E275300F94BA1 /* PreludeViewController.swift */ = {isa = PBXFileReference; lastKnownFileType = sourcecode.swift; path = PreludeViewController.swift; sourceTree = "<group>"; };
		F0DFBD8F219E359100F94BA1 /* IntroSegue.swift */ = {isa = PBXFileReference; lastKnownFileType = sourcecode.swift; path = IntroSegue.swift; sourceTree = "<group>"; };
		F0DFBD92219E3E5C00F94BA1 /* RequestBuilderV2.swift */ = {isa = PBXFileReference; lastKnownFileType = sourcecode.swift; path = RequestBuilderV2.swift; sourceTree = "<group>"; };
		F0DFBD95219E4BED00F94BA1 /* User.swift */ = {isa = PBXFileReference; lastKnownFileType = sourcecode.swift; path = User.swift; sourceTree = "<group>"; };
		F0DFBD97219E4C9400F94BA1 /* ControlCenterRealm.swift */ = {isa = PBXFileReference; lastKnownFileType = sourcecode.swift; path = ControlCenterRealm.swift; sourceTree = "<group>"; };
		F0DFBD9A219E4E3100F94BA1 /* User+Login.swift */ = {isa = PBXFileReference; lastKnownFileType = sourcecode.swift; path = "User+Login.swift"; sourceTree = "<group>"; };
		F0DFBD9C219E4E5B00F94BA1 /* LoginRouter.swift */ = {isa = PBXFileReference; lastKnownFileType = sourcecode.swift; path = LoginRouter.swift; sourceTree = "<group>"; };
		F0DFBD9E219E51FE00F94BA1 /* InvitationRouter.swift */ = {isa = PBXFileReference; lastKnownFileType = sourcecode.swift; path = InvitationRouter.swift; sourceTree = "<group>"; };
		F0DFBDA0219E566500F94BA1 /* User+Invitation.swift */ = {isa = PBXFileReference; lastKnownFileType = sourcecode.swift; path = "User+Invitation.swift"; sourceTree = "<group>"; };
		F0ECF3C221C31FA000ACEE26 /* GuideViewController.swift */ = {isa = PBXFileReference; lastKnownFileType = sourcecode.swift; path = GuideViewController.swift; sourceTree = "<group>"; };
		F0ECF3C421C336AE00ACEE26 /* AppDelegate+Events.swift */ = {isa = PBXFileReference; lastKnownFileType = sourcecode.swift; path = "AppDelegate+Events.swift"; sourceTree = "<group>"; };
		F0ECF3C621C33ADD00ACEE26 /* Notifications.swift */ = {isa = PBXFileReference; lastKnownFileType = sourcecode.swift; path = Notifications.swift; sourceTree = "<group>"; };
		F0ECF3C821C33C9700ACEE26 /* HomeViewController+Notifications.swift */ = {isa = PBXFileReference; lastKnownFileType = sourcecode.swift; path = "HomeViewController+Notifications.swift"; sourceTree = "<group>"; };
		F0F9057D21C46E0B000F6731 /* en */ = {isa = PBXFileReference; lastKnownFileType = text.plist.strings; name = en; path = en.lproj/Main.strings; sourceTree = "<group>"; };
		F0F9057E21C46E16000F6731 /* es */ = {isa = PBXFileReference; lastKnownFileType = text.plist.strings; name = es; path = es.lproj/Main.strings; sourceTree = "<group>"; };
/* End PBXFileReference section */

/* Begin PBXFrameworksBuildPhase section */
		F016900F2191073B001526DA /* Frameworks */ = {
			isa = PBXFrameworksBuildPhase;
			buildActionMask = 2147483647;
			files = (
				2992077A8A3E69D91A459751 /* Pods_ControlCenter.framework in Frameworks */,
			);
			runOnlyForDeploymentPostprocessing = 0;
		};
		F01690232191073E001526DA /* Frameworks */ = {
			isa = PBXFrameworksBuildPhase;
			buildActionMask = 2147483647;
			files = (
			);
			runOnlyForDeploymentPostprocessing = 0;
		};
		F016902E2191073E001526DA /* Frameworks */ = {
			isa = PBXFrameworksBuildPhase;
			buildActionMask = 2147483647;
			files = (
			);
			runOnlyForDeploymentPostprocessing = 0;
		};
/* End PBXFrameworksBuildPhase section */

/* Begin PBXGroup section */
		7140909C6BCBDF30E21359BA /* Frameworks */ = {
			isa = PBXGroup;
			children = (
				D98462655BE1A44ABF588738 /* Pods_ControlCenter.framework */,
				673752BDE67D539DA62A069E /* Pods_ControlCenterTests.framework */,
				54323ACB114830CE53040B18 /* Pods_ControlCenterUITests.framework */,
			);
			name = Frameworks;
			sourceTree = "<group>";
		};
		D43C5D6F455A01DEC5561E7B /* Pods */ = {
			isa = PBXGroup;
			children = (
				E17CDEEB75FFBC0102B42F7B /* Pods-ControlCenter.debug.xcconfig */,
				9565782C9D11F33C9AFD3799 /* Pods-ControlCenter.release.xcconfig */,
			);
			name = Pods;
			sourceTree = "<group>";
		};
		F01690092191073B001526DA = {
			isa = PBXGroup;
			children = (
				F0A3D08721BB0ACF008DF212 /* PermissionConfiguration.xcconfig */,
				F016904321910910001526DA /* Podfile */,
				F01690142191073B001526DA /* ControlCenter */,
				F01690292191073E001526DA /* ControlCenterTests */,
				F01690342191073E001526DA /* ControlCenterUITests */,
				7140909C6BCBDF30E21359BA /* Frameworks */,
				D43C5D6F455A01DEC5561E7B /* Pods */,
				F01690132191073B001526DA /* Products */,
			);
			sourceTree = "<group>";
		};
		F01690132191073B001526DA /* Products */ = {
			isa = PBXGroup;
			children = (
				F01690122191073B001526DA /* CCStaging.app */,
				F01690262191073E001526DA /* ControlCenterTests.xctest */,
				F01690312191073E001526DA /* ControlCenterUITests.xctest */,
			);
			name = Products;
			sourceTree = "<group>";
		};
		F01690142191073B001526DA /* ControlCenter */ = {
			isa = PBXGroup;
			children = (
				F07F54C621936FC400080D94 /* ControlCenter.entitlements */,
				F01690212191073E001526DA /* Info.plist */,
				F01690172191073B001526DA /* ViewController.swift */,
				F05065EC2194C7A200675D86 /* app */,
				F07F54B32192751000080D94 /* common */,
				F07F54B2219219C800080D94 /* assets */,
				F016901E2191073E001526DA /* LaunchScreen.storyboard */,
				F01690192191073B001526DA /* Main.storyboard */,
			);
			path = ControlCenter;
			sourceTree = "<group>";
		};
		F01690292191073E001526DA /* ControlCenterTests */ = {
			isa = PBXGroup;
			children = (
				F016902A2191073E001526DA /* ControlCenterTests.swift */,
				F016902C2191073E001526DA /* Info.plist */,
			);
			path = ControlCenterTests;
			sourceTree = "<group>";
		};
		F01690342191073E001526DA /* ControlCenterUITests */ = {
			isa = PBXGroup;
			children = (
				F01690352191073E001526DA /* ControlCenterUITests.swift */,
				F01690372191073E001526DA /* Info.plist */,
			);
			path = ControlCenterUITests;
			sourceTree = "<group>";
		};
		F03BD8C421ACA6BC00911917 /* home */ = {
			isa = PBXGroup;
			children = (
				F03BD8C521ACA6CA00911917 /* controllers */,
			);
			path = home;
			sourceTree = "<group>";
		};
		F03BD8C521ACA6CA00911917 /* controllers */ = {
			isa = PBXGroup;
			children = (
				F03BD8C821ACA6F400911917 /* DashboardViewController.swift */,
				F0CC36FE21A3AFEC00B89575 /* HomeViewController.swift */,
				F03BD8CD21ACAD3300911917 /* UsersViewController.swift */,
				F0D2DDE221ADC4FB003573DD /* MenuViewController.swift */,
				F0D2DDE321ADC4FB003573DD /* MenuViewController.xib */,
				F073A75821B73C7000E37D5A /* WebViewController.swift */,
				F073A75921B73C7000E37D5A /* WebViewController.xib */,
				F0ECF3C221C31FA000ACEE26 /* GuideViewController.swift */,
				F0ECF3C821C33C9700ACEE26 /* HomeViewController+Notifications.swift */,
			);
			path = controllers;
			sourceTree = "<group>";
		};
		F05065EC2194C7A200675D86 /* app */ = {
			isa = PBXGroup;
			children = (
				F06FC4CA21C07891006B6EDB /* invite */,
				F03BD8C421ACA6BC00911917 /* home */,
				F07067032195118600873B85 /* prelude */,
				F05065ED2194C7D600675D86 /* login */,
			);
			path = app;
			sourceTree = "<group>";
		};
		F05065ED2194C7D600675D86 /* login */ = {
			isa = PBXGroup;
			children = (
				F050660B21950A9200675D86 /* transitions */,
				F05065F02194DD2A00675D86 /* controllers */,
				F05065EF2194DD2100675D86 /* views */,
			);
			path = login;
			sourceTree = "<group>";
		};
		F05065EE2194C91200675D86 /* views */ = {
			isa = PBXGroup;
			children = (
				F05B23C921B624AA00D76F86 /* FooterSeparatorView.swift */,
				F05B23CB21B624B600D76F86 /* FooterSeparatorView.xib */,
				F073A73D21B7120A00E37D5A /* MenuLogoutCell.swift */,
				F073A73E21B7120A00E37D5A /* MenuLogoutCell.xib */,
				F05B23C521B623E500D76F86 /* MenuOptionCell.swift */,
				F05B23C621B623E500D76F86 /* MenuOptionCell.xib */,
				F0B0108521AF6D0200DD82E7 /* MenuSpotCell.swift */,
				F0B0108621AF6D0200DD82E7 /* MenuSpotCell.xib */,
				F0B0108921B07B6100DD82E7 /* StatusCell.swift */,
				F0B0108A21B07B6100DD82E7 /* StatusCell.xib */,
				F00C2E8A21B1983D0010EB18 /* UserCell.swift */,
				F00C2E8B21B1983D0010EB18 /* UserCell.xib */,
				F0237B0F21B7709A00FF0C72 /* HeaderMenuCell.swift */,
				F0237B1021B7709A00FF0C72 /* HeaderMenuCell.xib */,
			);
			path = views;
			sourceTree = "<group>";
		};
		F05065EF2194DD2100675D86 /* views */ = {
			isa = PBXGroup;
			children = (
				F079F28C2196351E00BB22EF /* ClubTableViewCell.swift */,
				F079F28D2196351F00BB22EF /* ClubTableViewCell.xib */,
			);
			path = views;
			sourceTree = "<group>";
		};
		F05065F02194DD2A00675D86 /* controllers */ = {
			isa = PBXGroup;
			children = (
				F05065F12194DD5200675D86 /* IntroViewController.swift */,
				F05066052195027400675D86 /* LoginViewController.swift */,
				F0506607219504EC00675D86 /* CheckEmailViewController.swift */,
				F079F28521960C0900BB22EF /* CreateAccountViewController.swift */,
				F079F287219622FB00BB22EF /* JoinClubViewController.swift */,
				F079F2892196230700BB22EF /* ChooseClubViewController.swift */,
				F079F29021963FFA00BB22EF /* RecoverPasswordViewController.swift */,
				F0DFBD8D219E275300F94BA1 /* PreludeViewController.swift */,
			);
			path = controllers;
			sourceTree = "<group>";
		};
		F05065F92194EFB600675D86 /* strings */ = {
			isa = PBXGroup;
			children = (
				F05066032194F18A00675D86 /* Localizable.strings */,
			);
			path = strings;
			sourceTree = "<group>";
		};
		F050660B21950A9200675D86 /* transitions */ = {
			isa = PBXGroup;
			children = (
				F0D3BB1821AB8857006F4C93 /* ClubPreludeSegue.swift */,
				F050660C21950A9200675D86 /* LoginSegue.swift */,
				F079F292219643CD00BB22EF /* RecoverPasswordSegue.swift */,
				F079F29421965AA500BB22EF /* ChooseClubSegue.swift */,
				F0DFBD8F219E359100F94BA1 /* IntroSegue.swift */,
				F0133156219F52EA001CB04A /* CheckEmailSegue.swift */,
				F0CC36F821A39D9B00B89575 /* CreateAccountSegue.swift */,
				F0CC36FC21A3AF2400B89575 /* SignUpHomeSegue.swift */,
				F0CC370221A472B600B89575 /* PreludeHomeSegue.swift */,
				F0CC370421A498EE00B89575 /* PreludeChooseClubSegue.swift */,
				F0D3BB1A21AB8BDC006F4C93 /* CreateAccountPreludeSegue.swift */,
				F05B23CD21B632B700D76F86 /* HomePreludeSegue.swift */,
			);
			path = transitions;
			sourceTree = "<group>";
		};
		F06FC4CA21C07891006B6EDB /* invite */ = {
			isa = PBXGroup;
			children = (
				F07C37F821C0952500DD11C4 /* views */,
				F06FC4CF21C088C5006B6EDB /* controllers */,
			);
			path = invite;
			sourceTree = "<group>";
		};
		F06FC4CF21C088C5006B6EDB /* controllers */ = {
			isa = PBXGroup;
			children = (
				F06FC4CB21C078BA006B6EDB /* InviteViewController.swift */,
				F06FC4CC21C078BA006B6EDB /* InviteViewController.xib */,
				F0DCD1E021C1B4730090E96B /* SendLinkViewController.swift */,
				F0DCD1E121C1B4730090E96B /* SendLinkViewController.xib */,
			);
			path = controllers;
			sourceTree = "<group>";
		};
		F07067032195118600873B85 /* prelude */ = {
			isa = PBXGroup;
			children = (
				F01690152191073B001526DA /* AppDelegate.swift */,
				F0706704219511AE00873B85 /* AppDelegate+Setup.swift */,
				F0DFBD89219CE28A00F94BA1 /* Appdelegate+Handlers.swift */,
				F0ECF3C421C336AE00ACEE26 /* AppDelegate+Events.swift */,
			);
			path = prelude;
			sourceTree = "<group>";
		};
		F073A74121B73B0600E37D5A /* html */ = {
			isa = PBXGroup;
			children = (
				F073A74521B73B2500E37D5A /* terms-comply.png */,
				F073A74921B73B2500E37D5A /* terms-comply@2x.png */,
				F073A74321B73B2500E37D5A /* terms-es.html */,
				F073A74821B73B2500E37D5A /* terms-gift.png */,
				F073A74721B73B2500E37D5A /* terms-gift@2x.png */,
				F073A74421B73B2500E37D5A /* terms-noresell.png */,
				F073A74621B73B2500E37D5A /* terms-noresell@2x.png */,
				F073A74C21B73B2600E37D5A /* terms-nostore.png */,
				F073A74A21B73B2500E37D5A /* terms-nostore@2x.png */,
				F073A74221B73B2500E37D5A /* terms.css */,
				F073A74B21B73B2500E37D5A /* terms.html */,
			);
			path = html;
			sourceTree = "<group>";
		};
		F07C37F821C0952500DD11C4 /* views */ = {
			isa = PBXGroup;
			children = (
				F07C37F921C0955100DD11C4 /* InviteCell.swift */,
				F07C37FA21C0955100DD11C4 /* InviteCell.xib */,
				F0DCD1E421C1B6740090E96B /* LinkCell.swift */,
				F0DCD1E521C1B6740090E96B /* LinkCell.xib */,
			);
			path = views;
			sourceTree = "<group>";
		};
		F07F54B2219219C800080D94 /* assets */ = {
			isa = PBXGroup;
			children = (
				F073A74121B73B0600E37D5A /* html */,
				F05065F92194EFB600675D86 /* strings */,
				F07F54B52192752300080D94 /* fonts */,
				F016901C2191073E001526DA /* Assets.xcassets */,
			);
			path = assets;
			sourceTree = "<group>";
		};
		F07F54B32192751000080D94 /* common */ = {
			isa = PBXGroup;
			children = (
				F0DFBD94219E4B6400F94BA1 /* models */,
				F0DFBD91219E3E3000F94BA1 /* network */,
				F05065EE2194C91200675D86 /* views */,
				F07F54B42192751700080D94 /* utils */,
			);
			path = common;
			sourceTree = "<group>";
		};
		F07F54B42192751700080D94 /* utils */ = {
			isa = PBXGroup;
			children = (
				F07F54C2219279C900080D94 /* UIFont+extension.swift */,
				F07F54C421927C5400080D94 /* UIViewController+extension.swift */,
				F05065F52194E10400675D86 /* UIColor+extension.swift */,
				F05065F72194EF9500675D86 /* String+extension.swift */,
				F0DFBD97219E4C9400F94BA1 /* ControlCenterRealm.swift */,
				F0A3D08521BB08CA008DF212 /* Data+extensions.swift */,
				F0DCD1DE21C1A34E0090E96B /* UIBarButtonItem+extension.swift */,
				F0ECF3C621C33ADD00ACEE26 /* Notifications.swift */,
			);
			path = utils;
			sourceTree = "<group>";
		};
		F07F54B52192752300080D94 /* fonts */ = {
			isa = PBXGroup;
			children = (
				F07F54B6219277A400080D94 /* Montserrat-Black.ttf */,
				F07F54BA219277A400080D94 /* Montserrat-Bold.ttf */,
				F07F54B7219277A400080D94 /* Montserrat-Light.ttf */,
				F07F54BB219277A400080D94 /* Montserrat-Medium.ttf */,
				F07F54B8219277A400080D94 /* Montserrat-Regular.ttf */,
			);
			path = fonts;
			sourceTree = "<group>";
		};
		F0DFBD91219E3E3000F94BA1 /* network */ = {
			isa = PBXGroup;
			children = (
				F0DFBD99219E4D9900F94BA1 /* routes */,
				F0DFBD92219E3E5C00F94BA1 /* RequestBuilderV2.swift */,
			);
			path = network;
			sourceTree = "<group>";
		};
		F0DFBD94219E4B6400F94BA1 /* models */ = {
			isa = PBXGroup;
			children = (
				F0CC36FA21A3AB5700B89575 /* Club.swift */,
				F0B0108321AF060500DD82E7 /* Spot.swift */,
				F0DFBD95219E4BED00F94BA1 /* User.swift */,
				F0B0108121AEFFDF00DD82E7 /* User+Info.swift */,
				F0DFBDA0219E566500F94BA1 /* User+Invitation.swift */,
				F0DFBD9A219E4E3100F94BA1 /* User+Login.swift */,
				F00C2E8E21B19EFD0010EB18 /* UserAssistant.swift */,
				F00C2E9021B1EE930010EB18 /* Paginator.swift */,
			);
			path = models;
			sourceTree = "<group>";
		};
		F0DFBD99219E4D9900F94BA1 /* routes */ = {
			isa = PBXGroup;
			children = (
				F0DFBD9C219E4E5B00F94BA1 /* LoginRouter.swift */,
				F0DFBD9E219E51FE00F94BA1 /* InvitationRouter.swift */,
				F0B0107F21AEFD4200DD82E7 /* UserRouter.swift */,
			);
			path = routes;
			sourceTree = "<group>";
		};
/* End PBXGroup section */

/* Begin PBXNativeTarget section */
		F01690112191073B001526DA /* ControlCenter */ = {
			isa = PBXNativeTarget;
			buildConfigurationList = F016903A2191073E001526DA /* Build configuration list for PBXNativeTarget "ControlCenter" */;
			buildPhases = (
				4682829B90E861CCB8FE3C1A /* [CP] Check Pods Manifest.lock */,
				F016900E2191073B001526DA /* Sources */,
				F016900F2191073B001526DA /* Frameworks */,
				F01690102191073B001526DA /* Resources */,
				F016904521910A71001526DA /* Run Script */,
				C17573E8CF32BBC11DC2AFE2 /* [CP] Embed Pods Frameworks */,
			);
			buildRules = (
			);
			dependencies = (
			);
			name = ControlCenter;
			productName = ControlCenter;
			productReference = F01690122191073B001526DA /* CCStaging.app */;
			productType = "com.apple.product-type.application";
		};
		F01690252191073E001526DA /* ControlCenterTests */ = {
			isa = PBXNativeTarget;
			buildConfigurationList = F016903D2191073E001526DA /* Build configuration list for PBXNativeTarget "ControlCenterTests" */;
			buildPhases = (
				F01690222191073E001526DA /* Sources */,
				F01690232191073E001526DA /* Frameworks */,
				F01690242191073E001526DA /* Resources */,
			);
			buildRules = (
			);
			dependencies = (
				F01690282191073E001526DA /* PBXTargetDependency */,
			);
			name = ControlCenterTests;
			productName = ControlCenterTests;
			productReference = F01690262191073E001526DA /* ControlCenterTests.xctest */;
			productType = "com.apple.product-type.bundle.unit-test";
		};
		F01690302191073E001526DA /* ControlCenterUITests */ = {
			isa = PBXNativeTarget;
			buildConfigurationList = F01690402191073E001526DA /* Build configuration list for PBXNativeTarget "ControlCenterUITests" */;
			buildPhases = (
				F016902D2191073E001526DA /* Sources */,
				F016902E2191073E001526DA /* Frameworks */,
				F016902F2191073E001526DA /* Resources */,
			);
			buildRules = (
			);
			dependencies = (
				F01690332191073E001526DA /* PBXTargetDependency */,
			);
			name = ControlCenterUITests;
			productName = ControlCenterUITests;
			productReference = F01690312191073E001526DA /* ControlCenterUITests.xctest */;
			productType = "com.apple.product-type.bundle.ui-testing";
		};
/* End PBXNativeTarget section */

/* Begin PBXProject section */
		F016900A2191073B001526DA /* Project object */ = {
			isa = PBXProject;
			attributes = {
				LastSwiftUpdateCheck = 1010;
				LastUpgradeCheck = 1010;
				ORGANIZATIONNAME = RocketJourney;
				TargetAttributes = {
					F01690112191073B001526DA = {
						CreatedOnToolsVersion = 10.1;
						SystemCapabilities = {
							com.apple.BackgroundModes = {
								enabled = 1;
							};
							com.apple.Push = {
								enabled = 1;
							};
							com.apple.SafariKeychain = {
								enabled = 1;
							};
						};
					};
					F01690252191073E001526DA = {
						CreatedOnToolsVersion = 10.1;
						TestTargetID = F01690112191073B001526DA;
					};
					F01690302191073E001526DA = {
						CreatedOnToolsVersion = 10.1;
						TestTargetID = F01690112191073B001526DA;
					};
				};
			};
			buildConfigurationList = F016900D2191073B001526DA /* Build configuration list for PBXProject "ControlCenter" */;
			compatibilityVersion = "Xcode 9.3";
			developmentRegion = en;
			hasScannedForEncodings = 0;
			knownRegions = (
				en,
				Base,
				es,
			);
			mainGroup = F01690092191073B001526DA;
			productRefGroup = F01690132191073B001526DA /* Products */;
			projectDirPath = "";
			projectRoot = "";
			targets = (
				F01690112191073B001526DA /* ControlCenter */,
				F01690252191073E001526DA /* ControlCenterTests */,
				F01690302191073E001526DA /* ControlCenterUITests */,
			);
		};
/* End PBXProject section */

/* Begin PBXResourcesBuildPhase section */
		F01690102191073B001526DA /* Resources */ = {
			isa = PBXResourcesBuildPhase;
			buildActionMask = 2147483647;
			files = (
				F0DFBD8C219D055700F94BA1 /* ControlCenter.entitlements in Resources */,
				F0237B1221B7709A00FF0C72 /* HeaderMenuCell.xib in Resources */,
				F073A74E21B73B2600E37D5A /* terms-es.html in Resources */,
				F073A75621B73B2600E37D5A /* terms.html in Resources */,
				F0B0108C21B07B6100DD82E7 /* StatusCell.xib in Resources */,
				F073A75321B73B2600E37D5A /* terms-gift.png in Resources */,
				F073A75421B73B2600E37D5A /* terms-comply@2x.png in Resources */,
				F07F54BD219277A400080D94 /* Montserrat-Light.ttf in Resources */,
				F05B23CC21B624B600D76F86 /* FooterSeparatorView.xib in Resources */,
				F06FC4CE21C078BA006B6EDB /* InviteViewController.xib in Resources */,
				F0B0108821AF6D0200DD82E7 /* MenuSpotCell.xib in Resources */,
				F0D2DDE521ADC4FB003573DD /* MenuViewController.xib in Resources */,
				F01690202191073E001526DA /* LaunchScreen.storyboard in Resources */,
				F07F54BE219277A400080D94 /* Montserrat-Regular.ttf in Resources */,
				F07F54BC219277A400080D94 /* Montserrat-Black.ttf in Resources */,
				F073A75221B73B2600E37D5A /* terms-gift@2x.png in Resources */,
				F07F54C0219277A400080D94 /* Montserrat-Bold.ttf in Resources */,
				F05B23C821B623E500D76F86 /* MenuOptionCell.xib in Resources */,
				F073A74D21B73B2600E37D5A /* terms.css in Resources */,
				F07F54C1219277A400080D94 /* Montserrat-Medium.ttf in Resources */,
				F07C37FC21C0955100DD11C4 /* InviteCell.xib in Resources */,
				F0DCD1E321C1B4730090E96B /* SendLinkViewController.xib in Resources */,
				F073A75721B73B2600E37D5A /* terms-nostore.png in Resources */,
				F073A75121B73B2600E37D5A /* terms-noresell@2x.png in Resources */,
				F073A75B21B73C7000E37D5A /* WebViewController.xib in Resources */,
				F05066012194F18A00675D86 /* Localizable.strings in Resources */,
				F073A75521B73B2600E37D5A /* terms-nostore@2x.png in Resources */,
				F0DCD1E721C1B6740090E96B /* LinkCell.xib in Resources */,
				F016901D2191073E001526DA /* Assets.xcassets in Resources */,
				F00C2E8D21B1983D0010EB18 /* UserCell.xib in Resources */,
				F016904421910910001526DA /* Podfile in Resources */,
				F079F28F2196351F00BB22EF /* ClubTableViewCell.xib in Resources */,
				F073A74021B7120A00E37D5A /* MenuLogoutCell.xib in Resources */,
				F073A75021B73B2600E37D5A /* terms-comply.png in Resources */,
				F016901B2191073B001526DA /* Main.storyboard in Resources */,
				F073A74F21B73B2600E37D5A /* terms-noresell.png in Resources */,
			);
			runOnlyForDeploymentPostprocessing = 0;
		};
		F01690242191073E001526DA /* Resources */ = {
			isa = PBXResourcesBuildPhase;
			buildActionMask = 2147483647;
			files = (
			);
			runOnlyForDeploymentPostprocessing = 0;
		};
		F016902F2191073E001526DA /* Resources */ = {
			isa = PBXResourcesBuildPhase;
			buildActionMask = 2147483647;
			files = (
			);
			runOnlyForDeploymentPostprocessing = 0;
		};
/* End PBXResourcesBuildPhase section */

/* Begin PBXShellScriptBuildPhase section */
		4682829B90E861CCB8FE3C1A /* [CP] Check Pods Manifest.lock */ = {
			isa = PBXShellScriptBuildPhase;
			buildActionMask = 2147483647;
			files = (
			);
			inputPaths = (
				"${PODS_PODFILE_DIR_PATH}/Podfile.lock",
				"${PODS_ROOT}/Manifest.lock",
			);
			name = "[CP] Check Pods Manifest.lock";
			outputPaths = (
				"$(DERIVED_FILE_DIR)/Pods-ControlCenter-checkManifestLockResult.txt",
			);
			runOnlyForDeploymentPostprocessing = 0;
			shellPath = /bin/sh;
			shellScript = "diff \"${PODS_PODFILE_DIR_PATH}/Podfile.lock\" \"${PODS_ROOT}/Manifest.lock\" > /dev/null\nif [ $? != 0 ] ; then\n    # print error to STDERR\n    echo \"error: The sandbox is not in sync with the Podfile.lock. Run 'pod install' or update your CocoaPods installation.\" >&2\n    exit 1\nfi\n# This output is used by Xcode 'outputs' to avoid re-running this script phase.\necho \"SUCCESS\" > \"${SCRIPT_OUTPUT_FILE_0}\"\n";
			showEnvVarsInLog = 0;
		};
		C17573E8CF32BBC11DC2AFE2 /* [CP] Embed Pods Frameworks */ = {
			isa = PBXShellScriptBuildPhase;
			buildActionMask = 2147483647;
			files = (
			);
			inputFileListPaths = (
			);
			inputPaths = (
				"${PODS_ROOT}/Target Support Files/Pods-ControlCenter/Pods-ControlCenter-frameworks.sh",
				"${BUILT_PRODUCTS_DIR}/Alamofire/Alamofire.framework",
				"${BUILT_PRODUCTS_DIR}/Branch/Branch.framework",
				"${BUILT_PRODUCTS_DIR}/CCInfiniteScrolling/CCInfiniteScrolling.framework",
				"${BUILT_PRODUCTS_DIR}/JRSwizzle/JRSwizzle.framework",
				"${BUILT_PRODUCTS_DIR}/Permission/Permission.framework",
				"${BUILT_PRODUCTS_DIR}/ReachabilitySwift/Reachability.framework",
				"${BUILT_PRODUCTS_DIR}/Realm/Realm.framework",
				"${BUILT_PRODUCTS_DIR}/RealmSwift/RealmSwift.framework",
				"${BUILT_PRODUCTS_DIR}/SDWebImage/SDWebImage.framework",
				"${BUILT_PRODUCTS_DIR}/SVProgressHUD/SVProgressHUD.framework",
				"${BUILT_PRODUCTS_DIR}/SideMenu/SideMenu.framework",
				"${BUILT_PRODUCTS_DIR}/SnapKit/SnapKit.framework",
				"${BUILT_PRODUCTS_DIR}/SwiftHEXColors/SwiftHEXColors.framework",
				"${BUILT_PRODUCTS_DIR}/SwiftyJSON/SwiftyJSON.framework",
				"${BUILT_PRODUCTS_DIR}/UIView+TKGeometry/UIView_TKGeometry.framework",
			);
			name = "[CP] Embed Pods Frameworks";
			outputFileListPaths = (
			);
			outputPaths = (
				"${TARGET_BUILD_DIR}/${FRAMEWORKS_FOLDER_PATH}/Alamofire.framework",
				"${TARGET_BUILD_DIR}/${FRAMEWORKS_FOLDER_PATH}/Branch.framework",
				"${TARGET_BUILD_DIR}/${FRAMEWORKS_FOLDER_PATH}/CCInfiniteScrolling.framework",
				"${TARGET_BUILD_DIR}/${FRAMEWORKS_FOLDER_PATH}/JRSwizzle.framework",
				"${TARGET_BUILD_DIR}/${FRAMEWORKS_FOLDER_PATH}/Permission.framework",
				"${TARGET_BUILD_DIR}/${FRAMEWORKS_FOLDER_PATH}/Reachability.framework",
				"${TARGET_BUILD_DIR}/${FRAMEWORKS_FOLDER_PATH}/Realm.framework",
				"${TARGET_BUILD_DIR}/${FRAMEWORKS_FOLDER_PATH}/RealmSwift.framework",
				"${TARGET_BUILD_DIR}/${FRAMEWORKS_FOLDER_PATH}/SDWebImage.framework",
				"${TARGET_BUILD_DIR}/${FRAMEWORKS_FOLDER_PATH}/SVProgressHUD.framework",
				"${TARGET_BUILD_DIR}/${FRAMEWORKS_FOLDER_PATH}/SideMenu.framework",
				"${TARGET_BUILD_DIR}/${FRAMEWORKS_FOLDER_PATH}/SnapKit.framework",
				"${TARGET_BUILD_DIR}/${FRAMEWORKS_FOLDER_PATH}/SwiftHEXColors.framework",
				"${TARGET_BUILD_DIR}/${FRAMEWORKS_FOLDER_PATH}/SwiftyJSON.framework",
				"${TARGET_BUILD_DIR}/${FRAMEWORKS_FOLDER_PATH}/UIView_TKGeometry.framework",
			);
			runOnlyForDeploymentPostprocessing = 0;
			shellPath = /bin/sh;
			shellScript = "\"${PODS_ROOT}/Target Support Files/Pods-ControlCenter/Pods-ControlCenter-frameworks.sh\"\n";
			showEnvVarsInLog = 0;
		};
		F016904521910A71001526DA /* Run Script */ = {
			isa = PBXShellScriptBuildPhase;
			buildActionMask = 2147483647;
			files = (
			);
			inputFileListPaths = (
			);
			inputPaths = (
			);
			name = "Run Script";
			outputFileListPaths = (
			);
			outputPaths = (
			);
			runOnlyForDeploymentPostprocessing = 0;
			shellPath = /bin/sh;
			shellScript = "\"${PODS_ROOT}/Fabric/run\" 8701a191e31c3f731cf2322edd4924f1b38ed417 78aefa5cf69c692f14cc5cce3ac32e66c701a573c77bd79cc03305fb18545e62\n";
		};
/* End PBXShellScriptBuildPhase section */

/* Begin PBXSourcesBuildPhase section */
		F016900E2191073B001526DA /* Sources */ = {
			isa = PBXSourcesBuildPhase;
			buildActionMask = 2147483647;
			files = (
				F079F29521965AA500BB22EF /* ChooseClubSegue.swift in Sources */,
				F079F28621960C0900BB22EF /* CreateAccountViewController.swift in Sources */,
				F05065F32194DD5200675D86 /* IntroViewController.swift in Sources */,
				F07F54C521927C5400080D94 /* UIViewController+extension.swift in Sources */,
				F079F293219643CD00BB22EF /* RecoverPasswordSegue.swift in Sources */,
				F0B0108B21B07B6100DD82E7 /* StatusCell.swift in Sources */,
				F0DFBD9F219E51FE00F94BA1 /* InvitationRouter.swift in Sources */,
				F0DFBD9B219E4E3100F94BA1 /* User+Login.swift in Sources */,
				F079F28E2196351F00BB22EF /* ClubTableViewCell.swift in Sources */,
				F0237B1121B7709A00FF0C72 /* HeaderMenuCell.swift in Sources */,
				F05B23CA21B624AA00D76F86 /* FooterSeparatorView.swift in Sources */,
				F0B0108221AEFFDF00DD82E7 /* User+Info.swift in Sources */,
				F079F28A2196230700BB22EF /* ChooseClubViewController.swift in Sources */,
				F073A75A21B73C7000E37D5A /* WebViewController.swift in Sources */,
				F0ECF3C921C33C9700ACEE26 /* HomeViewController+Notifications.swift in Sources */,
				F0D3BB1B21AB8BDC006F4C93 /* CreateAccountPreludeSegue.swift in Sources */,
				F00C2E8F21B19EFD0010EB18 /* UserAssistant.swift in Sources */,
				F0DFBD90219E359100F94BA1 /* IntroSegue.swift in Sources */,
				F05B23C721B623E500D76F86 /* MenuOptionCell.swift in Sources */,
				F0DCD1DF21C1A34E0090E96B /* UIBarButtonItem+extension.swift in Sources */,
				F0CC370321A472B600B89575 /* PreludeHomeSegue.swift in Sources */,
				F06FC4CD21C078BA006B6EDB /* InviteViewController.swift in Sources */,
				F01690182191073B001526DA /* ViewController.swift in Sources */,
				F073A73F21B7120A00E37D5A /* MenuLogoutCell.swift in Sources */,
				F0ECF3C321C31FA000ACEE26 /* GuideViewController.swift in Sources */,
				F0DFBDA1219E566500F94BA1 /* User+Invitation.swift in Sources */,
				F0CC36FD21A3AF2400B89575 /* SignUpHomeSegue.swift in Sources */,
				F079F29121963FFA00BB22EF /* RecoverPasswordViewController.swift in Sources */,
				F05065F62194E10400675D86 /* UIColor+extension.swift in Sources */,
				F0706705219511AE00873B85 /* AppDelegate+Setup.swift in Sources */,
				F050660D21950A9200675D86 /* LoginSegue.swift in Sources */,
				F03BD8CA21ACA6F400911917 /* DashboardViewController.swift in Sources */,
				F05066062195027400675D86 /* LoginViewController.swift in Sources */,
				F0DFBD8A219CE28A00F94BA1 /* Appdelegate+Handlers.swift in Sources */,
				F0DFBD8E219E275300F94BA1 /* PreludeViewController.swift in Sources */,
				F0B0108721AF6D0200DD82E7 /* MenuSpotCell.swift in Sources */,
				F0B0108421AF060500DD82E7 /* Spot.swift in Sources */,
				F0DCD1E621C1B6740090E96B /* LinkCell.swift in Sources */,
				F0133157219F52EA001CB04A /* CheckEmailSegue.swift in Sources */,
				F0B0108021AEFD4200DD82E7 /* UserRouter.swift in Sources */,
				F05B23CE21B632B700D76F86 /* HomePreludeSegue.swift in Sources */,
				F07F54C3219279C900080D94 /* UIFont+extension.swift in Sources */,
				F079F288219622FB00BB22EF /* JoinClubViewController.swift in Sources */,
				F0506608219504EC00675D86 /* CheckEmailViewController.swift in Sources */,
				F0D3BB1921AB8857006F4C93 /* ClubPreludeSegue.swift in Sources */,
				F07C37FB21C0955100DD11C4 /* InviteCell.swift in Sources */,
				F0ECF3C521C336AE00ACEE26 /* AppDelegate+Events.swift in Sources */,
				F03BD8CF21ACAD3300911917 /* UsersViewController.swift in Sources */,
				F00C2E8C21B1983D0010EB18 /* UserCell.swift in Sources */,
				F05065F82194EF9500675D86 /* String+extension.swift in Sources */,
				F0CC36FB21A3AB5700B89575 /* Club.swift in Sources */,
				F0D2DDE421ADC4FB003573DD /* MenuViewController.swift in Sources */,
				F01690162191073B001526DA /* AppDelegate.swift in Sources */,
				F0CC370521A498EE00B89575 /* PreludeChooseClubSegue.swift in Sources */,
				F0CC36F921A39D9B00B89575 /* CreateAccountSegue.swift in Sources */,
				F0DFBD93219E3E5C00F94BA1 /* RequestBuilderV2.swift in Sources */,
				F0CC36FF21A3AFEC00B89575 /* HomeViewController.swift in Sources */,
				F0A3D08621BB08CB008DF212 /* Data+extensions.swift in Sources */,
				F0ECF3C721C33ADD00ACEE26 /* Notifications.swift in Sources */,
				F0DFBD9D219E4E5B00F94BA1 /* LoginRouter.swift in Sources */,
				F0DFBD98219E4C9400F94BA1 /* ControlCenterRealm.swift in Sources */,
				F0DFBD96219E4BED00F94BA1 /* User.swift in Sources */,
				F0DCD1E221C1B4730090E96B /* SendLinkViewController.swift in Sources */,
				F00C2E9121B1EE930010EB18 /* Paginator.swift in Sources */,
			);
			runOnlyForDeploymentPostprocessing = 0;
		};
		F01690222191073E001526DA /* Sources */ = {
			isa = PBXSourcesBuildPhase;
			buildActionMask = 2147483647;
			files = (
				F016902B2191073E001526DA /* ControlCenterTests.swift in Sources */,
			);
			runOnlyForDeploymentPostprocessing = 0;
		};
		F016902D2191073E001526DA /* Sources */ = {
			isa = PBXSourcesBuildPhase;
			buildActionMask = 2147483647;
			files = (
				F01690362191073E001526DA /* ControlCenterUITests.swift in Sources */,
			);
			runOnlyForDeploymentPostprocessing = 0;
		};
/* End PBXSourcesBuildPhase section */

/* Begin PBXTargetDependency section */
		F01690282191073E001526DA /* PBXTargetDependency */ = {
			isa = PBXTargetDependency;
			target = F01690112191073B001526DA /* ControlCenter */;
			targetProxy = F01690272191073E001526DA /* PBXContainerItemProxy */;
		};
		F01690332191073E001526DA /* PBXTargetDependency */ = {
			isa = PBXTargetDependency;
			target = F01690112191073B001526DA /* ControlCenter */;
			targetProxy = F01690322191073E001526DA /* PBXContainerItemProxy */;
		};
/* End PBXTargetDependency section */

/* Begin PBXVariantGroup section */
		F01690192191073B001526DA /* Main.storyboard */ = {
			isa = PBXVariantGroup;
			children = (
				F016901A2191073B001526DA /* Base */,
				F0F9057D21C46E0B000F6731 /* en */,
				F0F9057E21C46E16000F6731 /* es */,
			);
			name = Main.storyboard;
			sourceTree = "<group>";
		};
		F016901E2191073E001526DA /* LaunchScreen.storyboard */ = {
			isa = PBXVariantGroup;
			children = (
				F016901F2191073E001526DA /* Base */,
			);
			name = LaunchScreen.storyboard;
			sourceTree = "<group>";
		};
		F05066032194F18A00675D86 /* Localizable.strings */ = {
			isa = PBXVariantGroup;
			children = (
				F05066022194F18A00675D86 /* en */,
				F05066042194F21500675D86 /* es */,
			);
			name = Localizable.strings;
			sourceTree = "<group>";
		};
/* End PBXVariantGroup section */

/* Begin XCBuildConfiguration section */
		F01690382191073E001526DA /* Debug */ = {
			isa = XCBuildConfiguration;
			buildSettings = {
				ALWAYS_SEARCH_USER_PATHS = NO;
				CLANG_ANALYZER_LOCALIZABILITY_NONLOCALIZED = YES;
				CLANG_ANALYZER_NONNULL = YES;
				CLANG_ANALYZER_NUMBER_OBJECT_CONVERSION = YES_AGGRESSIVE;
				CLANG_CXX_LANGUAGE_STANDARD = "gnu++14";
				CLANG_CXX_LIBRARY = "libc++";
				CLANG_ENABLE_MODULES = YES;
				CLANG_ENABLE_OBJC_ARC = YES;
				CLANG_ENABLE_OBJC_WEAK = YES;
				CLANG_WARN_BLOCK_CAPTURE_AUTORELEASING = YES;
				CLANG_WARN_BOOL_CONVERSION = YES;
				CLANG_WARN_COMMA = YES;
				CLANG_WARN_CONSTANT_CONVERSION = YES;
				CLANG_WARN_DEPRECATED_OBJC_IMPLEMENTATIONS = YES;
				CLANG_WARN_DIRECT_OBJC_ISA_USAGE = YES_ERROR;
				CLANG_WARN_DOCUMENTATION_COMMENTS = YES;
				CLANG_WARN_EMPTY_BODY = YES;
				CLANG_WARN_ENUM_CONVERSION = YES;
				CLANG_WARN_INFINITE_RECURSION = YES;
				CLANG_WARN_INT_CONVERSION = YES;
				CLANG_WARN_NON_LITERAL_NULL_CONVERSION = YES;
				CLANG_WARN_OBJC_IMPLICIT_RETAIN_SELF = YES;
				CLANG_WARN_OBJC_LITERAL_CONVERSION = YES;
				CLANG_WARN_OBJC_ROOT_CLASS = YES_ERROR;
				CLANG_WARN_RANGE_LOOP_ANALYSIS = YES;
				CLANG_WARN_STRICT_PROTOTYPES = YES;
				CLANG_WARN_SUSPICIOUS_MOVE = YES;
				CLANG_WARN_UNGUARDED_AVAILABILITY = YES_AGGRESSIVE;
				CLANG_WARN_UNREACHABLE_CODE = YES;
				CLANG_WARN__DUPLICATE_METHOD_MATCH = YES;
				CODE_SIGN_IDENTITY = "iPhone Developer";
				COPY_PHASE_STRIP = NO;
				DEBUG_INFORMATION_FORMAT = dwarf;
				ENABLE_STRICT_OBJC_MSGSEND = YES;
				ENABLE_TESTABILITY = YES;
				GCC_C_LANGUAGE_STANDARD = gnu11;
				GCC_DYNAMIC_NO_PIC = NO;
				GCC_NO_COMMON_BLOCKS = YES;
				GCC_OPTIMIZATION_LEVEL = 0;
				GCC_PREPROCESSOR_DEFINITIONS = (
					"$(inherited)",
					"RELEASE=0",
					"DEBUG=1",
				);
				GCC_WARN_64_TO_32_BIT_CONVERSION = YES;
				GCC_WARN_ABOUT_RETURN_TYPE = YES_ERROR;
				GCC_WARN_UNDECLARED_SELECTOR = YES;
				GCC_WARN_UNINITIALIZED_AUTOS = YES_AGGRESSIVE;
				GCC_WARN_UNUSED_FUNCTION = YES;
				GCC_WARN_UNUSED_VARIABLE = YES;
				IPHONEOS_DEPLOYMENT_TARGET = 10.0;
				MTL_ENABLE_DEBUG_INFO = INCLUDE_SOURCE;
				MTL_FAST_MATH = YES;
				ONLY_ACTIVE_ARCH = YES;
				SDKROOT = iphoneos;
				SWIFT_ACTIVE_COMPILATION_CONDITIONS = DEBUG;
				SWIFT_OPTIMIZATION_LEVEL = "-Onone";
			};
			name = Debug;
		};
		F01690392191073E001526DA /* Release */ = {
			isa = XCBuildConfiguration;
			buildSettings = {
				ALWAYS_SEARCH_USER_PATHS = NO;
				CLANG_ANALYZER_LOCALIZABILITY_NONLOCALIZED = YES;
				CLANG_ANALYZER_NONNULL = YES;
				CLANG_ANALYZER_NUMBER_OBJECT_CONVERSION = YES_AGGRESSIVE;
				CLANG_CXX_LANGUAGE_STANDARD = "gnu++14";
				CLANG_CXX_LIBRARY = "libc++";
				CLANG_ENABLE_MODULES = YES;
				CLANG_ENABLE_OBJC_ARC = YES;
				CLANG_ENABLE_OBJC_WEAK = YES;
				CLANG_WARN_BLOCK_CAPTURE_AUTORELEASING = YES;
				CLANG_WARN_BOOL_CONVERSION = YES;
				CLANG_WARN_COMMA = YES;
				CLANG_WARN_CONSTANT_CONVERSION = YES;
				CLANG_WARN_DEPRECATED_OBJC_IMPLEMENTATIONS = YES;
				CLANG_WARN_DIRECT_OBJC_ISA_USAGE = YES_ERROR;
				CLANG_WARN_DOCUMENTATION_COMMENTS = YES;
				CLANG_WARN_EMPTY_BODY = YES;
				CLANG_WARN_ENUM_CONVERSION = YES;
				CLANG_WARN_INFINITE_RECURSION = YES;
				CLANG_WARN_INT_CONVERSION = YES;
				CLANG_WARN_NON_LITERAL_NULL_CONVERSION = YES;
				CLANG_WARN_OBJC_IMPLICIT_RETAIN_SELF = YES;
				CLANG_WARN_OBJC_LITERAL_CONVERSION = YES;
				CLANG_WARN_OBJC_ROOT_CLASS = YES_ERROR;
				CLANG_WARN_RANGE_LOOP_ANALYSIS = YES;
				CLANG_WARN_STRICT_PROTOTYPES = YES;
				CLANG_WARN_SUSPICIOUS_MOVE = YES;
				CLANG_WARN_UNGUARDED_AVAILABILITY = YES_AGGRESSIVE;
				CLANG_WARN_UNREACHABLE_CODE = YES;
				CLANG_WARN__DUPLICATE_METHOD_MATCH = YES;
				CODE_SIGN_IDENTITY = "iPhone Developer";
				COPY_PHASE_STRIP = NO;
				DEBUG_INFORMATION_FORMAT = "dwarf-with-dsym";
				ENABLE_NS_ASSERTIONS = NO;
				ENABLE_STRICT_OBJC_MSGSEND = YES;
				GCC_C_LANGUAGE_STANDARD = gnu11;
				GCC_NO_COMMON_BLOCKS = YES;
				GCC_PREPROCESSOR_DEFINITIONS = (
					"$(inherited)",
					"RELEASE=1",
					"DEBUG=0",
				);
				GCC_WARN_64_TO_32_BIT_CONVERSION = YES;
				GCC_WARN_ABOUT_RETURN_TYPE = YES_ERROR;
				GCC_WARN_UNDECLARED_SELECTOR = YES;
				GCC_WARN_UNINITIALIZED_AUTOS = YES_AGGRESSIVE;
				GCC_WARN_UNUSED_FUNCTION = YES;
				GCC_WARN_UNUSED_VARIABLE = YES;
				IPHONEOS_DEPLOYMENT_TARGET = 10.0;
				MTL_ENABLE_DEBUG_INFO = NO;
				MTL_FAST_MATH = YES;
				SDKROOT = iphoneos;
				SWIFT_ACTIVE_COMPILATION_CONDITIONS = RELEASE;
				SWIFT_COMPILATION_MODE = wholemodule;
				SWIFT_OPTIMIZATION_LEVEL = "-O";
				VALIDATE_PRODUCT = YES;
			};
			name = Release;
		};
		F016903B2191073E001526DA /* Debug */ = {
			isa = XCBuildConfiguration;
			baseConfigurationReference = E17CDEEB75FFBC0102B42F7B /* Pods-ControlCenter.debug.xcconfig */;
			buildSettings = {
				ASSETCATALOG_COMPILER_APPICON_NAME = AppIcon;
				BUNDLE_ID = com.rocketjourney.controlcenter.staging;
				CODE_SIGN_ENTITLEMENTS = ControlCenter/ControlCenter.entitlements;
				CODE_SIGN_STYLE = Automatic;
				DEBUG_INFORMATION_FORMAT = "dwarf-with-dsym";
				DEVELOPMENT_TEAM = L9T32S589G;
				DISPLAY_NAME = CCStaging;
				INFOPLIST_FILE = ControlCenter/Info.plist;
				IPHONEOS_DEPLOYMENT_TARGET = 10.0;
				LD_RUNPATH_SEARCH_PATHS = (
					"$(inherited)",
					"@executable_path/Frameworks",
				);
				PRODUCT_BUNDLE_IDENTIFIER = com.rocketjourney.controlcenter;
				PRODUCT_NAME = CCStaging;
				SWIFT_VERSION = 4.2;
				TARGETED_DEVICE_FAMILY = 1;
			};
			name = Debug;
		};
		F016903C2191073E001526DA /* Release */ = {
			isa = XCBuildConfiguration;
			baseConfigurationReference = 9565782C9D11F33C9AFD3799 /* Pods-ControlCenter.release.xcconfig */;
			buildSettings = {
				ASSETCATALOG_COMPILER_APPICON_NAME = AppIcon;
				BUNDLE_ID = com.rocketjourney.controlcenter;
				CODE_SIGN_ENTITLEMENTS = ControlCenter/ControlCenter.entitlements;
				CODE_SIGN_STYLE = Automatic;
				DEVELOPMENT_TEAM = L9T32S589G;
				DISPLAY_NAME = ControlCenter;
				INFOPLIST_FILE = ControlCenter/Info.plist;
				IPHONEOS_DEPLOYMENT_TARGET = 10.0;
				LD_RUNPATH_SEARCH_PATHS = (
					"$(inherited)",
					"@executable_path/Frameworks",
				);
				PRODUCT_BUNDLE_IDENTIFIER = com.rocketjourney.controlcenter;
				PRODUCT_NAME = ControlCenter;
				SWIFT_VERSION = 4.2;
				TARGETED_DEVICE_FAMILY = 1;
			};
			name = Release;
		};
		F016903E2191073E001526DA /* Debug */ = {
			isa = XCBuildConfiguration;
			buildSettings = {
				ALWAYS_EMBED_SWIFT_STANDARD_LIBRARIES = YES;
				BUNDLE_LOADER = "$(TEST_HOST)";
				CODE_SIGN_STYLE = Automatic;
				DEVELOPMENT_TEAM = L9T32S589G;
				INFOPLIST_FILE = ControlCenterTests/Info.plist;
				LD_RUNPATH_SEARCH_PATHS = (
					"$(inherited)",
					"@executable_path/Frameworks",
					"@loader_path/Frameworks",
				);
				PRODUCT_BUNDLE_IDENTIFIER = com.rocketjourney.controlcenter.ControlCenterTests;
				PRODUCT_NAME = "$(TARGET_NAME)";
				SWIFT_VERSION = 4.2;
				TARGETED_DEVICE_FAMILY = "1,2";
				TEST_HOST = "$(BUILT_PRODUCTS_DIR)/ControlCenter.app/ControlCenter";
			};
			name = Debug;
		};
		F016903F2191073E001526DA /* Release */ = {
			isa = XCBuildConfiguration;
			buildSettings = {
				ALWAYS_EMBED_SWIFT_STANDARD_LIBRARIES = YES;
				BUNDLE_LOADER = "$(TEST_HOST)";
				CODE_SIGN_STYLE = Automatic;
				DEVELOPMENT_TEAM = L9T32S589G;
				INFOPLIST_FILE = ControlCenterTests/Info.plist;
				LD_RUNPATH_SEARCH_PATHS = (
					"$(inherited)",
					"@executable_path/Frameworks",
					"@loader_path/Frameworks",
				);
				PRODUCT_BUNDLE_IDENTIFIER = com.rocketjourney.controlcenter.ControlCenterTests;
				PRODUCT_NAME = "$(TARGET_NAME)";
				SWIFT_VERSION = 4.2;
				TARGETED_DEVICE_FAMILY = "1,2";
				TEST_HOST = "$(BUILT_PRODUCTS_DIR)/ControlCenter.app/ControlCenter";
			};
			name = Release;
		};
		F01690412191073E001526DA /* Debug */ = {
			isa = XCBuildConfiguration;
			buildSettings = {
				ALWAYS_EMBED_SWIFT_STANDARD_LIBRARIES = YES;
				CODE_SIGN_STYLE = Automatic;
				DEVELOPMENT_TEAM = L9T32S589G;
				INFOPLIST_FILE = ControlCenterUITests/Info.plist;
				LD_RUNPATH_SEARCH_PATHS = (
					"$(inherited)",
					"@executable_path/Frameworks",
					"@loader_path/Frameworks",
				);
				PRODUCT_BUNDLE_IDENTIFIER = com.rocketjourney.controlcenter.ControlCenterUITests;
				PRODUCT_NAME = "$(TARGET_NAME)";
				SWIFT_VERSION = 4.2;
				TARGETED_DEVICE_FAMILY = "1,2";
				TEST_TARGET_NAME = ControlCenter;
			};
			name = Debug;
		};
		F01690422191073E001526DA /* Release */ = {
			isa = XCBuildConfiguration;
			buildSettings = {
				ALWAYS_EMBED_SWIFT_STANDARD_LIBRARIES = YES;
				CODE_SIGN_STYLE = Automatic;
				DEVELOPMENT_TEAM = L9T32S589G;
				INFOPLIST_FILE = ControlCenterUITests/Info.plist;
				LD_RUNPATH_SEARCH_PATHS = (
					"$(inherited)",
					"@executable_path/Frameworks",
					"@loader_path/Frameworks",
				);
				PRODUCT_BUNDLE_IDENTIFIER = com.rocketjourney.controlcenter.ControlCenterUITests;
				PRODUCT_NAME = "$(TARGET_NAME)";
				SWIFT_VERSION = 4.2;
				TARGETED_DEVICE_FAMILY = "1,2";
				TEST_TARGET_NAME = ControlCenter;
			};
			name = Release;
		};
/* End XCBuildConfiguration section */

/* Begin XCConfigurationList section */
		F016900D2191073B001526DA /* Build configuration list for PBXProject "ControlCenter" */ = {
			isa = XCConfigurationList;
			buildConfigurations = (
				F01690382191073E001526DA /* Debug */,
				F01690392191073E001526DA /* Release */,
			);
			defaultConfigurationIsVisible = 0;
			defaultConfigurationName = Release;
		};
		F016903A2191073E001526DA /* Build configuration list for PBXNativeTarget "ControlCenter" */ = {
			isa = XCConfigurationList;
			buildConfigurations = (
				F016903B2191073E001526DA /* Debug */,
				F016903C2191073E001526DA /* Release */,
			);
			defaultConfigurationIsVisible = 0;
			defaultConfigurationName = Release;
		};
		F016903D2191073E001526DA /* Build configuration list for PBXNativeTarget "ControlCenterTests" */ = {
			isa = XCConfigurationList;
			buildConfigurations = (
				F016903E2191073E001526DA /* Debug */,
				F016903F2191073E001526DA /* Release */,
			);
			defaultConfigurationIsVisible = 0;
			defaultConfigurationName = Release;
		};
		F01690402191073E001526DA /* Build configuration list for PBXNativeTarget "ControlCenterUITests" */ = {
			isa = XCConfigurationList;
			buildConfigurations = (
				F01690412191073E001526DA /* Debug */,
				F01690422191073E001526DA /* Release */,
			);
			defaultConfigurationIsVisible = 0;
			defaultConfigurationName = Release;
		};
/* End XCConfigurationList section */
	};
	rootObject = F016900A2191073B001526DA /* Project object */;
}
